PODS:
  - AFNetworking (3.1.0):
    - AFNetworking/NSURLSession (= 3.1.0)
    - AFNetworking/Reachability (= 3.1.0)
    - AFNetworking/Security (= 3.1.0)
    - AFNetworking/Serialization (= 3.1.0)
    - AFNetworking/UIKit (= 3.1.0)
  - AFNetworking/NSURLSession (3.1.0):
    - AFNetworking/Reachability
    - AFNetworking/Security
    - AFNetworking/Serialization
  - AFNetworking/Reachability (3.1.0)
  - AFNetworking/Security (3.1.0)
  - AFNetworking/Serialization (3.1.0)
  - AFNetworking/UIKit (3.1.0):
    - AFNetworking/NSURLSession
  - Colours (5.13.0):
    - Colours/ObjC (= 5.13.0)
  - Colours/ObjC (5.13.0)
  - CRToast (0.0.9)
  - FMDB (2.6.2):
    - FMDB/standard (= 2.6.2)
  - FMDB/standard (2.6.2)
  - IQKeyboardManager (4.0.7)
  - Masonry (1.0.2)
  - MJRefresh (3.1.12)
  - MRProgress (0.8.3):
    - MRProgress/ActivityIndicator (= 0.8.3)
    - MRProgress/Blur (= 0.8.3)
    - MRProgress/Circular (= 0.8.3)
    - MRProgress/Icons (= 0.8.3)
    - MRProgress/NavigationBarProgress (= 0.8.3)
    - MRProgress/Overlay (= 0.8.3)
  - MRProgress/ActivityIndicator (0.8.3):
    - MRProgress/Stopable
  - MRProgress/Blur (0.8.3):
    - MRProgress/Helper
  - MRProgress/Circular (0.8.3):
    - MRProgress/Helper
    - MRProgress/ProgressBaseClass
    - MRProgress/Stopable
  - MRProgress/Helper (0.8.3)
  - MRProgress/Icons (0.8.3)
  - MRProgress/NavigationBarProgress (0.8.3):
    - MRProgress/ProgressBaseClass
  - MRProgress/Overlay (0.8.3):
    - MRProgress/ActivityIndicator
    - MRProgress/Blur
    - MRProgress/Circular
    - MRProgress/Helper
    - MRProgress/Icons
  - MRProgress/ProgressBaseClass (0.8.3)
  - MRProgress/Stopable (0.8.3):
    - MRProgress/Helper
  - PNChart (0.8.9):
    - UICountingLabel (~> 1.2.0)
  - pop (1.0.9)
  - RATreeView (2.1.1)
  - SCLAlertView-Objective-C (1.0.6)
  - UICountingLabel (1.2.0)
  - VTMagic (1.2.4):
    - VTMagic/Core (= 1.2.4)
  - VTMagic/Core (1.2.4)
  - WebViewJavascriptBridge (5.0.5)
  - YYKit (1.0.9):
    - YYKit/no-arc (= 1.0.9)
  - YYKit/no-arc (1.0.9)

DEPENDENCIES:
  - AFNetworking
  - Colours
  - CRToast
  - FMDB
  - IQKeyboardManager
  - Masonry
  - MJRefresh
  - MRProgress
  - PNChart
  - pop
  - RATreeView
  - SCLAlertView-Objective-C
  - VTMagic
  - WebViewJavascriptBridge (~> 5.0)
  - YYKit

SPEC CHECKSUMS:
  AFNetworking: 5e0e199f73d8626b11e79750991f5d173d1f8b67
  Colours: f24220c38f13deac88612667e9b4a7fb96b871d4
  CRToast: 5a78c22b921c5ed3487488af605bc403a9c92fed
  FMDB: 854a0341b4726e53276f2a8996f06f1b80f9259a
  IQKeyboardManager: 69002bb4fea60596b710e57d426abc00e5063630
  Masonry: 7c429b56da9d4ee0bbb3ed77a5ea710d6a5df39e
  MJRefresh: b96cdb21c4aa75a7b07654311ab2f315c497e806
  MRProgress: 16de7cc9f347e8846797a770db102a323fe7ef09
  PNChart: 84774d225c2126ded6c93d4dbe6ae98c3a73c2d2
  pop: f667631a5108a2e60d9e8797c9b32ddaf2080bce
  RATreeView: f40c8fdc7c99eb0aecced77ad20b0c52f4e9a9c4
  SCLAlertView-Objective-C: ca78280817e66e74366b78579350dee2ff277e23
  UICountingLabel: 1db4e7d023e1762171eb226d6dff47a7a84f27aa
  VTMagic: b49e5f456dbcbfd9a3588ba92417233a105bc193
  WebViewJavascriptBridge: a4d502315f1b8d9a51cd6a9174147ed567ec3bc5
  YYKit: 7cda43304a8dc3696c449041e2cb3107b4e236e7

PODFILE CHECKSUM: 6d0829a56852cdfaf77c795c38e4475ade464767

COCOAPODS: 1.0.1
