// !$*UTF8*$!
{
	archiveVersion = 1;
	classes = {
	};
	objectVersion = 46;
	objects = {

/* Begin PBXBuildFile section */
		57119F361E21F1FB00B929EB /* ArticleTextView.m in Sources */ = {isa = PBXBuildFile; fileRef = 57119F351E21F1FB00B929EB /* ArticleTextView.m */; };
		57119F391E21F61D00B929EB /* InterpreterViewLocal.m in Sources */ = {isa = PBXBuildFile; fileRef = 57119F381E21F61D00B929EB /* InterpreterViewLocal.m */; };
		57119F411E220F3A00B929EB /* APIManager.m in Sources */ = {isa = PBXBuildFile; fileRef = 57119F401E220F3A00B929EB /* APIManager.m */; };
		57119F451E22160E00B929EB /* InterpreterViewNetwork.m in Sources */ = {isa = PBXBuildFile; fileRef = 57119F441E22160E00B929EB /* InterpreterViewNetwork.m */; };
		57119F481E221DB300B929EB /* NSDictionary+JSONHelper.m in Sources */ = {isa = PBXBuildFile; fileRef = 57119F471E221DB300B929EB /* NSDictionary+JSONHelper.m */; };
		5797A8A51E20F27600F0BE38 /* main.m in Sources */ = {isa = PBXBuildFile; fileRef = 5797A8A41E20F27600F0BE38 /* main.m */; };
		5797A8A81E20F27600F0BE38 /* AppDelegate.m in Sources */ = {isa = PBXBuildFile; fileRef = 5797A8A71E20F27600F0BE38 /* AppDelegate.m */; };
		5797A8B01E20F27600F0BE38 /* Assets.xcassets in Resources */ = {isa = PBXBuildFile; fileRef = 5797A8AF1E20F27600F0BE38 /* Assets.xcassets */; };
		5797A8B31E20F27600F0BE38 /* LaunchScreen.storyboard in Resources */ = {isa = PBXBuildFile; fileRef = 5797A8B11E20F27600F0BE38 /* LaunchScreen.storyboard */; };
		5797A8BE1E20F27600F0BE38 /* EnglishReaderTests.m in Sources */ = {isa = PBXBuildFile; fileRef = 5797A8BD1E20F27600F0BE38 /* EnglishReaderTests.m */; };
		5797A8C91E20F27600F0BE38 /* EnglishReaderUITests.m in Sources */ = {isa = PBXBuildFile; fileRef = 5797A8C81E20F27600F0BE38 /* EnglishReaderUITests.m */; };
		5797A8D81E21038400F0BE38 /* demoText.txt in Resources */ = {isa = PBXBuildFile; fileRef = 5797A8D71E21038400F0BE38 /* demoText.txt */; };
		5797A8E01E21052000F0BE38 /* RootNavigationController.m in Sources */ = {isa = PBXBuildFile; fileRef = 5797A8DF1E21052000F0BE38 /* RootNavigationController.m */; };
		5797A8E31E21053900F0BE38 /* MainViewController.m in Sources */ = {isa = PBXBuildFile; fileRef = 5797A8E21E21053900F0BE38 /* MainViewController.m */; };
		5797A8EA1E210AB900F0BE38 /* ArticleDetailViewController.m in Sources */ = {isa = PBXBuildFile; fileRef = 5797A8E91E210AB900F0BE38 /* ArticleDetailViewController.m */; };
		5797A8EE1E210B9000F0BE38 /* ArticleHelper.m in Sources */ = {isa = PBXBuildFile; fileRef = 5797A8ED1E210B9000F0BE38 /* ArticleHelper.m */; };
		5D3330FFF71202D99C8AA74E /* libPods-EnglishReader.a in Frameworks */ = {isa = PBXBuildFile; fileRef = F39FB3324EE27FE9200B804C /* libPods-EnglishReader.a */; };
/* End PBXBuildFile section */

/* Begin PBXContainerItemProxy section */
		5797A8BA1E20F27600F0BE38 /* PBXContainerItemProxy */ = {
			isa = PBXContainerItemProxy;
			containerPortal = 5797A8981E20F27600F0BE38 /* Project object */;
			proxyType = 1;
			remoteGlobalIDString = 5797A89F1E20F27600F0BE38;
			remoteInfo = EnglishReader;
		};
		5797A8C51E20F27600F0BE38 /* PBXContainerItemProxy */ = {
			isa = PBXContainerItemProxy;
			containerPortal = 5797A8981E20F27600F0BE38 /* Project object */;
			proxyType = 1;
			remoteGlobalIDString = 5797A89F1E20F27600F0BE38;
			remoteInfo = EnglishReader;
		};
/* End PBXContainerItemProxy section */

/* Begin PBXFileReference section */
		0C00EBF68E03656A2F86647F /* Pods-EnglishReader.release.xcconfig */ = {isa = PBXFileReference; includeInIndex = 1; lastKnownFileType = text.xcconfig; name = "Pods-EnglishReader.release.xcconfig"; path = "Pods/Target Support Files/Pods-EnglishReader/Pods-EnglishReader.release.xcconfig"; sourceTree = "<group>"; };
		57119F341E21F1FB00B929EB /* ArticleTextView.h */ = {isa = PBXFileReference; fileEncoding = 4; lastKnownFileType = sourcecode.c.h; path = ArticleTextView.h; sourceTree = "<group>"; };
		57119F351E21F1FB00B929EB /* ArticleTextView.m */ = {isa = PBXFileReference; fileEncoding = 4; lastKnownFileType = sourcecode.c.objc; path = ArticleTextView.m; sourceTree = "<group>"; };
		57119F371E21F61D00B929EB /* InterpreterViewLocal.h */ = {isa = PBXFileReference; fileEncoding = 4; lastKnownFileType = sourcecode.c.h; path = InterpreterViewLocal.h; sourceTree = "<group>"; };
		57119F381E21F61D00B929EB /* InterpreterViewLocal.m */ = {isa = PBXFileReference; fileEncoding = 4; lastKnownFileType = sourcecode.c.objc; path = InterpreterViewLocal.m; sourceTree = "<group>"; };
		57119F3D1E220E5200B929EB /* DefineKeys.h */ = {isa = PBXFileReference; fileEncoding = 4; lastKnownFileType = sourcecode.c.h; path = DefineKeys.h; sourceTree = "<group>"; };
		57119F3F1E220F3A00B929EB /* APIManager.h */ = {isa = PBXFileReference; fileEncoding = 4; lastKnownFileType = sourcecode.c.h; path = APIManager.h; sourceTree = "<group>"; };
		57119F401E220F3A00B929EB /* APIManager.m */ = {isa = PBXFileReference; fileEncoding = 4; lastKnownFileType = sourcecode.c.objc; path = APIManager.m; sourceTree = "<group>"; };
		57119F421E220F9100B929EB /* APIManagerProtocol.h */ = {isa = PBXFileReference; fileEncoding = 4; lastKnownFileType = sourcecode.c.h; path = APIManagerProtocol.h; sourceTree = "<group>"; };
		57119F431E22160E00B929EB /* InterpreterViewNetwork.h */ = {isa = PBXFileReference; fileEncoding = 4; lastKnownFileType = sourcecode.c.h; path = InterpreterViewNetwork.h; sourceTree = "<group>"; };
		57119F441E22160E00B929EB /* InterpreterViewNetwork.m */ = {isa = PBXFileReference; fileEncoding = 4; lastKnownFileType = sourcecode.c.objc; path = InterpreterViewNetwork.m; sourceTree = "<group>"; };
		57119F461E221DB300B929EB /* NSDictionary+JSONHelper.h */ = {isa = PBXFileReference; fileEncoding = 4; lastKnownFileType = sourcecode.c.h; path = "NSDictionary+JSONHelper.h"; sourceTree = "<group>"; };
		57119F471E221DB300B929EB /* NSDictionary+JSONHelper.m */ = {isa = PBXFileReference; fileEncoding = 4; lastKnownFileType = sourcecode.c.objc; path = "NSDictionary+JSONHelper.m"; sourceTree = "<group>"; };
		5797A8A01E20F27600F0BE38 /* EnglishReader.app */ = {isa = PBXFileReference; explicitFileType = wrapper.application; includeInIndex = 0; path = EnglishReader.app; sourceTree = BUILT_PRODUCTS_DIR; };
		5797A8A41E20F27600F0BE38 /* main.m */ = {isa = PBXFileReference; lastKnownFileType = sourcecode.c.objc; path = main.m; sourceTree = "<group>"; };
		5797A8A61E20F27600F0BE38 /* AppDelegate.h */ = {isa = PBXFileReference; lastKnownFileType = sourcecode.c.h; path = AppDelegate.h; sourceTree = "<group>"; };
		5797A8A71E20F27600F0BE38 /* AppDelegate.m */ = {isa = PBXFileReference; lastKnownFileType = sourcecode.c.objc; path = AppDelegate.m; sourceTree = "<group>"; };
		5797A8AF1E20F27600F0BE38 /* Assets.xcassets */ = {isa = PBXFileReference; lastKnownFileType = folder.assetcatalog; path = Assets.xcassets; sourceTree = "<group>"; };
		5797A8B21E20F27600F0BE38 /* Base */ = {isa = PBXFileReference; lastKnownFileType = file.storyboard; name = Base; path = Base.lproj/LaunchScreen.storyboard; sourceTree = "<group>"; };
		5797A8B41E20F27600F0BE38 /* Info.plist */ = {isa = PBXFileReference; lastKnownFileType = text.plist.xml; path = Info.plist; sourceTree = "<group>"; };
		5797A8B91E20F27600F0BE38 /* EnglishReaderTests.xctest */ = {isa = PBXFileReference; explicitFileType = wrapper.cfbundle; includeInIndex = 0; path = EnglishReaderTests.xctest; sourceTree = BUILT_PRODUCTS_DIR; };
		5797A8BD1E20F27600F0BE38 /* EnglishReaderTests.m */ = {isa = PBXFileReference; lastKnownFileType = sourcecode.c.objc; path = EnglishReaderTests.m; sourceTree = "<group>"; };
		5797A8BF1E20F27600F0BE38 /* Info.plist */ = {isa = PBXFileReference; lastKnownFileType = text.plist.xml; path = Info.plist; sourceTree = "<group>"; };
		5797A8C41E20F27600F0BE38 /* EnglishReaderUITests.xctest */ = {isa = PBXFileReference; explicitFileType = wrapper.cfbundle; includeInIndex = 0; path = EnglishReaderUITests.xctest; sourceTree = BUILT_PRODUCTS_DIR; };
		5797A8C81E20F27600F0BE38 /* EnglishReaderUITests.m */ = {isa = PBXFileReference; lastKnownFileType = sourcecode.c.objc; path = EnglishReaderUITests.m; sourceTree = "<group>"; };
		5797A8CA1E20F27600F0BE38 /* Info.plist */ = {isa = PBXFileReference; lastKnownFileType = text.plist.xml; path = Info.plist; sourceTree = "<group>"; };
		5797A8D71E21038400F0BE38 /* demoText.txt */ = {isa = PBXFileReference; fileEncoding = 4; lastKnownFileType = text; path = demoText.txt; sourceTree = "<group>"; };
		5797A8DE1E21052000F0BE38 /* RootNavigationController.h */ = {isa = PBXFileReference; fileEncoding = 4; lastKnownFileType = sourcecode.c.h; path = RootNavigationController.h; sourceTree = "<group>"; };
		5797A8DF1E21052000F0BE38 /* RootNavigationController.m */ = {isa = PBXFileReference; fileEncoding = 4; lastKnownFileType = sourcecode.c.objc; path = RootNavigationController.m; sourceTree = "<group>"; };
		5797A8E11E21053900F0BE38 /* MainViewController.h */ = {isa = PBXFileReference; fileEncoding = 4; lastKnownFileType = sourcecode.c.h; path = MainViewController.h; sourceTree = "<group>"; };
		5797A8E21E21053900F0BE38 /* MainViewController.m */ = {isa = PBXFileReference; fileEncoding = 4; lastKnownFileType = sourcecode.c.objc; path = MainViewController.m; sourceTree = "<group>"; };
		5797A8E81E210AB900F0BE38 /* ArticleDetailViewController.h */ = {isa = PBXFileReference; fileEncoding = 4; lastKnownFileType = sourcecode.c.h; path = ArticleDetailViewController.h; sourceTree = "<group>"; };
		5797A8E91E210AB900F0BE38 /* ArticleDetailViewController.m */ = {isa = PBXFileReference; fileEncoding = 4; lastKnownFileType = sourcecode.c.objc; path = ArticleDetailViewController.m; sourceTree = "<group>"; };
		5797A8EC1E210B9000F0BE38 /* ArticleHelper.h */ = {isa = PBXFileReference; fileEncoding = 4; lastKnownFileType = sourcecode.c.h; path = ArticleHelper.h; sourceTree = "<group>"; };
		5797A8ED1E210B9000F0BE38 /* ArticleHelper.m */ = {isa = PBXFileReference; fileEncoding = 4; lastKnownFileType = sourcecode.c.objc; path = ArticleHelper.m; sourceTree = "<group>"; };
		BD374FCE2CF2E483B21E9921 /* Pods-EnglishReader.debug.xcconfig */ = {isa = PBXFileReference; includeInIndex = 1; lastKnownFileType = text.xcconfig; name = "Pods-EnglishReader.debug.xcconfig"; path = "Pods/Target Support Files/Pods-EnglishReader/Pods-EnglishReader.debug.xcconfig"; sourceTree = "<group>"; };
		F39FB3324EE27FE9200B804C /* libPods-EnglishReader.a */ = {isa = PBXFileReference; explicitFileType = archive.ar; includeInIndex = 0; path = "libPods-EnglishReader.a"; sourceTree = BUILT_PRODUCTS_DIR; };
/* End PBXFileReference section */

/* Begin PBXFrameworksBuildPhase section */
		5797A89D1E20F27600F0BE38 /* Frameworks */ = {
			isa = PBXFrameworksBuildPhase;
			buildActionMask = 2147483647;
			files = (
				5D3330FFF71202D99C8AA74E /* libPods-EnglishReader.a in Frameworks */,
			);
			runOnlyForDeploymentPostprocessing = 0;
		};
		5797A8B61E20F27600F0BE38 /* Frameworks */ = {
			isa = PBXFrameworksBuildPhase;
			buildActionMask = 2147483647;
			files = (
			);
			runOnlyForDeploymentPostprocessing = 0;
		};
		5797A8C11E20F27600F0BE38 /* Frameworks */ = {
			isa = PBXFrameworksBuildPhase;
			buildActionMask = 2147483647;
			files = (
			);
			runOnlyForDeploymentPostprocessing = 0;
		};
/* End PBXFrameworksBuildPhase section */

/* Begin PBXGroup section */
		525E360D280EE89A8ADFE36D /* Pods */ = {
			isa = PBXGroup;
			children = (
				BD374FCE2CF2E483B21E9921 /* Pods-EnglishReader.debug.xcconfig */,
				0C00EBF68E03656A2F86647F /* Pods-EnglishReader.release.xcconfig */,
			);
			name = Pods;
			sourceTree = "<group>";
		};
		57119F3A1E220E0A00B929EB /* Resources */ = {
			isa = PBXGroup;
			children = (
			);
			path = Resources;
			sourceTree = "<group>";
		};
		57119F3B1E220E1900B929EB /* Common */ = {
			isa = PBXGroup;
			children = (
				57119F3D1E220E5200B929EB /* DefineKeys.h */,
			);
			path = Common;
			sourceTree = "<group>";
		};
		57119F3E1E220ECA00B929EB /* Networking */ = {
			isa = PBXGroup;
			children = (
				57119F3F1E220F3A00B929EB /* APIManager.h */,
				57119F401E220F3A00B929EB /* APIManager.m */,
				57119F421E220F9100B929EB /* APIManagerProtocol.h */,
			);
			path = Networking;
			sourceTree = "<group>";
		};
		5797A8971E20F27500F0BE38 = {
			isa = PBXGroup;
			children = (
				5797A8A21E20F27600F0BE38 /* EnglishReader */,
				5797A8BC1E20F27600F0BE38 /* EnglishReaderTests */,
				5797A8C71E20F27600F0BE38 /* EnglishReaderUITests */,
				5797A8A11E20F27600F0BE38 /* Products */,
				525E360D280EE89A8ADFE36D /* Pods */,
				CB982E37F391EA695AF47250 /* Frameworks */,
			);
			sourceTree = "<group>";
		};
		5797A8A11E20F27600F0BE38 /* Products */ = {
			isa = PBXGroup;
			children = (
				5797A8A01E20F27600F0BE38 /* EnglishReader.app */,
				5797A8B91E20F27600F0BE38 /* EnglishReaderTests.xctest */,
				5797A8C41E20F27600F0BE38 /* EnglishReaderUITests.xctest */,
			);
			name = Products;
			sourceTree = "<group>";
		};
		5797A8A21E20F27600F0BE38 /* EnglishReader */ = {
			isa = PBXGroup;
			children = (
				57119F3E1E220ECA00B929EB /* Networking */,
				57119F3B1E220E1900B929EB /* Common */,
				57119F3A1E220E0A00B929EB /* Resources */,
				5797A8EB1E210B7A00F0BE38 /* Utility */,
				5797A8E71E210AB900F0BE38 /* ArticleDetail */,
				5797A8DD1E21052000F0BE38 /* RootMain */,
				5797A8D61E21030000F0BE38 /* TextFile */,
				5797A8A61E20F27600F0BE38 /* AppDelegate.h */,
				5797A8A71E20F27600F0BE38 /* AppDelegate.m */,
				5797A8AF1E20F27600F0BE38 /* Assets.xcassets */,
				5797A8B11E20F27600F0BE38 /* LaunchScreen.storyboard */,
				5797A8B41E20F27600F0BE38 /* Info.plist */,
				5797A8A31E20F27600F0BE38 /* Supporting Files */,
			);
			path = EnglishReader;
			sourceTree = "<group>";
		};
		5797A8A31E20F27600F0BE38 /* Supporting Files */ = {
			isa = PBXGroup;
			children = (
				5797A8A41E20F27600F0BE38 /* main.m */,
			);
			name = "Supporting Files";
			sourceTree = "<group>";
		};
		5797A8BC1E20F27600F0BE38 /* EnglishReaderTests */ = {
			isa = PBXGroup;
			children = (
				5797A8BD1E20F27600F0BE38 /* EnglishReaderTests.m */,
				5797A8BF1E20F27600F0BE38 /* Info.plist */,
			);
			path = EnglishReaderTests;
			sourceTree = "<group>";
		};
		5797A8C71E20F27600F0BE38 /* EnglishReaderUITests */ = {
			isa = PBXGroup;
			children = (
				5797A8C81E20F27600F0BE38 /* EnglishReaderUITests.m */,
				5797A8CA1E20F27600F0BE38 /* Info.plist */,
			);
			path = EnglishReaderUITests;
			sourceTree = "<group>";
		};
		5797A8D61E21030000F0BE38 /* TextFile */ = {
			isa = PBXGroup;
			children = (
				5797A8D71E21038400F0BE38 /* demoText.txt */,
			);
			path = TextFile;
			sourceTree = "<group>";
		};
		5797A8DD1E21052000F0BE38 /* RootMain */ = {
			isa = PBXGroup;
			children = (
				5797A8DE1E21052000F0BE38 /* RootNavigationController.h */,
				5797A8DF1E21052000F0BE38 /* RootNavigationController.m */,
				5797A8E11E21053900F0BE38 /* MainViewController.h */,
				5797A8E21E21053900F0BE38 /* MainViewController.m */,
			);
			path = RootMain;
			sourceTree = "<group>";
		};
		5797A8E71E210AB900F0BE38 /* ArticleDetail */ = {
			isa = PBXGroup;
			children = (
				5797A8E81E210AB900F0BE38 /* ArticleDetailViewController.h */,
				5797A8E91E210AB900F0BE38 /* ArticleDetailViewController.m */,
				57119F341E21F1FB00B929EB /* ArticleTextView.h */,
				57119F351E21F1FB00B929EB /* ArticleTextView.m */,
				57119F371E21F61D00B929EB /* InterpreterViewLocal.h */,
				57119F381E21F61D00B929EB /* InterpreterViewLocal.m */,
				57119F431E22160E00B929EB /* InterpreterViewNetwork.h */,
				57119F441E22160E00B929EB /* InterpreterViewNetwork.m */,
			);
			path = ArticleDetail;
			sourceTree = "<group>";
		};
		5797A8EB1E210B7A00F0BE38 /* Utility */ = {
			isa = PBXGroup;
			children = (
				5797A8EC1E210B9000F0BE38 /* ArticleHelper.h */,
				5797A8ED1E210B9000F0BE38 /* ArticleHelper.m */,
				57119F461E221DB300B929EB /* NSDictionary+JSONHelper.h */,
				57119F471E221DB300B929EB /* NSDictionary+JSONHelper.m */,
			);
			path = Utility;
			sourceTree = "<group>";
		};
		CB982E37F391EA695AF47250 /* Frameworks */ = {
			isa = PBXGroup;
			children = (
				F39FB3324EE27FE9200B804C /* libPods-EnglishReader.a */,
			);
			name = Frameworks;
			sourceTree = "<group>";
		};
/* End PBXGroup section */

/* Begin PBXNativeTarget section */
		5797A89F1E20F27600F0BE38 /* EnglishReader */ = {
			isa = PBXNativeTarget;
			buildConfigurationList = 5797A8CD1E20F27600F0BE38 /* Build configuration list for PBXNativeTarget "EnglishReader" */;
			buildPhases = (
				293AC4D135501DB85C6F4315 /* [CP] Check Pods Manifest.lock */,
				5797A89C1E20F27600F0BE38 /* Sources */,
				5797A89D1E20F27600F0BE38 /* Frameworks */,
				5797A89E1E20F27600F0BE38 /* Resources */,
				7BB851737B5A65FE82C11523 /* [CP] Embed Pods Frameworks */,
				D2805AFCD9298B4EA893470E /* [CP] Copy Pods Resources */,
			);
			buildRules = (
			);
			dependencies = (
			);
			name = EnglishReader;
			productName = EnglishReader;
			productReference = 5797A8A01E20F27600F0BE38 /* EnglishReader.app */;
			productType = "com.apple.product-type.application";
		};
		5797A8B81E20F27600F0BE38 /* EnglishReaderTests */ = {
			isa = PBXNativeTarget;
			buildConfigurationList = 5797A8D01E20F27600F0BE38 /* Build configuration list for PBXNativeTarget "EnglishReaderTests" */;
			buildPhases = (
				5797A8B51E20F27600F0BE38 /* Sources */,
				5797A8B61E20F27600F0BE38 /* Frameworks */,
				5797A8B71E20F27600F0BE38 /* Resources */,
			);
			buildRules = (
			);
			dependencies = (
				5797A8BB1E20F27600F0BE38 /* PBXTargetDependency */,
			);
			name = EnglishReaderTests;
			productName = EnglishReaderTests;
			productReference = 5797A8B91E20F27600F0BE38 /* EnglishReaderTests.xctest */;
			productType = "com.apple.product-type.bundle.unit-test";
		};
		5797A8C31E20F27600F0BE38 /* EnglishReaderUITests */ = {
			isa = PBXNativeTarget;
			buildConfigurationList = 5797A8D31E20F27600F0BE38 /* Build configuration list for PBXNativeTarget "EnglishReaderUITests" */;
			buildPhases = (
				5797A8C01E20F27600F0BE38 /* Sources */,
				5797A8C11E20F27600F0BE38 /* Frameworks */,
				5797A8C21E20F27600F0BE38 /* Resources */,
			);
			buildRules = (
			);
			dependencies = (
				5797A8C61E20F27600F0BE38 /* PBXTargetDependency */,
			);
			name = EnglishReaderUITests;
			productName = EnglishReaderUITests;
			productReference = 5797A8C41E20F27600F0BE38 /* EnglishReaderUITests.xctest */;
			productType = "com.apple.product-type.bundle.ui-testing";
		};
/* End PBXNativeTarget section */

/* Begin PBXProject section */
		5797A8981E20F27600F0BE38 /* Project object */ = {
			isa = PBXProject;
			attributes = {
				LastUpgradeCheck = 0820;
				ORGANIZATIONNAME = LFC;
				TargetAttributes = {
					5797A89F1E20F27600F0BE38 = {
						CreatedOnToolsVersion = 8.2;
						DevelopmentTeam = L68238BU67;
						ProvisioningStyle = Automatic;
					};
					5797A8B81E20F27600F0BE38 = {
						CreatedOnToolsVersion = 8.2;
						ProvisioningStyle = Automatic;
						TestTargetID = 5797A89F1E20F27600F0BE38;
					};
					5797A8C31E20F27600F0BE38 = {
						CreatedOnToolsVersion = 8.2;
						ProvisioningStyle = Automatic;
						TestTargetID = 5797A89F1E20F27600F0BE38;
					};
				};
			};
			buildConfigurationList = 5797A89B1E20F27600F0BE38 /* Build configuration list for PBXProject "EnglishReader" */;
			compatibilityVersion = "Xcode 3.2";
			developmentRegion = English;
			hasScannedForEncodings = 0;
			knownRegions = (
				en,
				Base,
			);
			mainGroup = 5797A8971E20F27500F0BE38;
			productRefGroup = 5797A8A11E20F27600F0BE38 /* Products */;
			projectDirPath = "";
			projectRoot = "";
			targets = (
				5797A89F1E20F27600F0BE38 /* EnglishReader */,
				5797A8B81E20F27600F0BE38 /* EnglishReaderTests */,
				5797A8C31E20F27600F0BE38 /* EnglishReaderUITests */,
			);
		};
/* End PBXProject section */

/* Begin PBXResourcesBuildPhase section */
		5797A89E1E20F27600F0BE38 /* Resources */ = {
			isa = PBXResourcesBuildPhase;
			buildActionMask = 2147483647;
			files = (
				5797A8D81E21038400F0BE38 /* demoText.txt in Resources */,
				5797A8B31E20F27600F0BE38 /* LaunchScreen.storyboard in Resources */,
				5797A8B01E20F27600F0BE38 /* Assets.xcassets in Resources */,
			);
			runOnlyForDeploymentPostprocessing = 0;
		};
		5797A8B71E20F27600F0BE38 /* Resources */ = {
			isa = PBXResourcesBuildPhase;
			buildActionMask = 2147483647;
			files = (
			);
			runOnlyForDeploymentPostprocessing = 0;
		};
		5797A8C21E20F27600F0BE38 /* Resources */ = {
			isa = PBXResourcesBuildPhase;
			buildActionMask = 2147483647;
			files = (
			);
			runOnlyForDeploymentPostprocessing = 0;
		};
/* End PBXResourcesBuildPhase section */

/* Begin PBXShellScriptBuildPhase section */
		293AC4D135501DB85C6F4315 /* [CP] Check Pods Manifest.lock */ = {
			isa = PBXShellScriptBuildPhase;
			buildActionMask = 2147483647;
			files = (
			);
			inputPaths = (
			);
			name = "[CP] Check Pods Manifest.lock";
			outputPaths = (
			);
			runOnlyForDeploymentPostprocessing = 0;
			shellPath = /bin/sh;
			shellScript = "diff \"${PODS_ROOT}/../Podfile.lock\" \"${PODS_ROOT}/Manifest.lock\" > /dev/null\nif [[ $? != 0 ]] ; then\n    cat << EOM\nerror: The sandbox is not in sync with the Podfile.lock. Run 'pod install' or update your CocoaPods installation.\nEOM\n    exit 1\nfi\n";
			showEnvVarsInLog = 0;
		};
		7BB851737B5A65FE82C11523 /* [CP] Embed Pods Frameworks */ = {
			isa = PBXShellScriptBuildPhase;
			buildActionMask = 2147483647;
			files = (
			);
			inputPaths = (
			);
			name = "[CP] Embed Pods Frameworks";
			outputPaths = (
			);
			runOnlyForDeploymentPostprocessing = 0;
			shellPath = /bin/sh;
			shellScript = "\"${SRCROOT}/Pods/Target Support Files/Pods-EnglishReader/Pods-EnglishReader-frameworks.sh\"\n";
			showEnvVarsInLog = 0;
		};
		D2805AFCD9298B4EA893470E /* [CP] Copy Pods Resources */ = {
			isa = PBXShellScriptBuildPhase;
			buildActionMask = 2147483647;
			files = (
			);
			inputPaths = (
			);
			name = "[CP] Copy Pods Resources";
			outputPaths = (
			);
			runOnlyForDeploymentPostprocessing = 0;
			shellPath = /bin/sh;
			shellScript = "\"${SRCROOT}/Pods/Target Support Files/Pods-EnglishReader/Pods-EnglishReader-resources.sh\"\n";
			showEnvVarsInLog = 0;
		};
/* End PBXShellScriptBuildPhase section */

/* Begin PBXSourcesBuildPhase section */
		5797A89C1E20F27600F0BE38 /* Sources */ = {
			isa = PBXSourcesBuildPhase;
			buildActionMask = 2147483647;
			files = (
				5797A8EE1E210B9000F0BE38 /* ArticleHelper.m in Sources */,
				5797A8A81E20F27600F0BE38 /* AppDelegate.m in Sources */,
				57119F411E220F3A00B929EB /* APIManager.m in Sources */,
				5797A8EA1E210AB900F0BE38 /* ArticleDetailViewController.m in Sources */,
				57119F481E221DB300B929EB /* NSDictionary+JSONHelper.m in Sources */,
				57119F391E21F61D00B929EB /* InterpreterViewLocal.m in Sources */,
				5797A8E01E21052000F0BE38 /* RootNavigationController.m in Sources */,
				57119F451E22160E00B929EB /* InterpreterViewNetwork.m in Sources */,
				5797A8A51E20F27600F0BE38 /* main.m in Sources */,
				57119F361E21F1FB00B929EB /* ArticleTextView.m in Sources */,
				5797A8E31E21053900F0BE38 /* MainViewController.m in Sources */,
			);
			runOnlyForDeploymentPostprocessing = 0;
		};
		5797A8B51E20F27600F0BE38 /* Sources */ = {
			isa = PBXSourcesBuildPhase;
			buildActionMask = 2147483647;
			files = (
				5797A8BE1E20F27600F0BE38 /* EnglishReaderTests.m in Sources */,
			);
			runOnlyForDeploymentPostprocessing = 0;
		};
		5797A8C01E20F27600F0BE38 /* Sources */ = {
			isa = PBXSourcesBuildPhase;
			buildActionMask = 2147483647;
			files = (
				5797A8C91E20F27600F0BE38 /* EnglishReaderUITests.m in Sources */,
			);
			runOnlyForDeploymentPostprocessing = 0;
		};
/* End PBXSourcesBuildPhase section */

/* Begin PBXTargetDependency section */
		5797A8BB1E20F27600F0BE38 /* PBXTargetDependency */ = {
			isa = PBXTargetDependency;
			target = 5797A89F1E20F27600F0BE38 /* EnglishReader */;
			targetProxy = 5797A8BA1E20F27600F0BE38 /* PBXContainerItemProxy */;
		};
		5797A8C61E20F27600F0BE38 /* PBXTargetDependency */ = {
			isa = PBXTargetDependency;
			target = 5797A89F1E20F27600F0BE38 /* EnglishReader */;
			targetProxy = 5797A8C51E20F27600F0BE38 /* PBXContainerItemProxy */;
		};
/* End PBXTargetDependency section */

/* Begin PBXVariantGroup section */
		5797A8B11E20F27600F0BE38 /* LaunchScreen.storyboard */ = {
			isa = PBXVariantGroup;
			children = (
				5797A8B21E20F27600F0BE38 /* Base */,
			);
			name = LaunchScreen.storyboard;
			sourceTree = "<group>";
		};
/* End PBXVariantGroup section */

/* Begin XCBuildConfiguration section */
		5797A8CB1E20F27600F0BE38 /* Debug */ = {
			isa = XCBuildConfiguration;
			buildSettings = {
				ALWAYS_SEARCH_USER_PATHS = NO;
				CLANG_ANALYZER_NONNULL = YES;
				CLANG_CXX_LANGUAGE_STANDARD = "gnu++0x";
				CLANG_CXX_LIBRARY = "libc++";
				CLANG_ENABLE_MODULES = YES;
				CLANG_ENABLE_OBJC_ARC = YES;
				CLANG_WARN_BOOL_CONVERSION = YES;
				CLANG_WARN_CONSTANT_CONVERSION = YES;
				CLANG_WARN_DIRECT_OBJC_ISA_USAGE = YES_ERROR;
				CLANG_WARN_DOCUMENTATION_COMMENTS = YES;
				CLANG_WARN_EMPTY_BODY = YES;
				CLANG_WARN_ENUM_CONVERSION = YES;
				CLANG_WARN_INFINITE_RECURSION = YES;
				CLANG_WARN_INT_CONVERSION = YES;
				CLANG_WARN_OBJC_ROOT_CLASS = YES_ERROR;
				CLANG_WARN_SUSPICIOUS_MOVE = YES;
				CLANG_WARN_UNREACHABLE_CODE = YES;
				CLANG_WARN__DUPLICATE_METHOD_MATCH = YES;
				"CODE_SIGN_IDENTITY[sdk=iphoneos*]" = "iPhone Developer";
				COPY_PHASE_STRIP = NO;
				DEBUG_INFORMATION_FORMAT = dwarf;
				ENABLE_STRICT_OBJC_MSGSEND = YES;
				ENABLE_TESTABILITY = YES;
				GCC_C_LANGUAGE_STANDARD = gnu99;
				GCC_DYNAMIC_NO_PIC = NO;
				GCC_NO_COMMON_BLOCKS = YES;
				GCC_OPTIMIZATION_LEVEL = 0;
				GCC_PREPROCESSOR_DEFINITIONS = (
					"DEBUG=1",
					"$(inherited)",
				);
				GCC_WARN_64_TO_32_BIT_CONVERSION = YES;
				GCC_WARN_ABOUT_RETURN_TYPE = YES_ERROR;
				GCC_WARN_UNDECLARED_SELECTOR = YES;
				GCC_WARN_UNINITIALIZED_AUTOS = YES_AGGRESSIVE;
				GCC_WARN_UNUSED_FUNCTION = YES;
				GCC_WARN_UNUSED_VARIABLE = YES;
				IPHONEOS_DEPLOYMENT_TARGET = 8.0;
				MTL_ENABLE_DEBUG_INFO = YES;
				ONLY_ACTIVE_ARCH = YES;
				SDKROOT = iphoneos;
				TARGETED_DEVICE_FAMILY = "1,2";
			};
			name = Debug;
		};
		5797A8CC1E20F27600F0BE38 /* Release */ = {
			isa = XCBuildConfiguration;
			buildSettings = {
				ALWAYS_SEARCH_USER_PATHS = NO;
				CLANG_ANALYZER_NONNULL = YES;
				CLANG_CXX_LANGUAGE_STANDARD = "gnu++0x";
				CLANG_CXX_LIBRARY = "libc++";
				CLANG_ENABLE_MODULES = YES;
				CLANG_ENABLE_OBJC_ARC = YES;
				CLANG_WARN_BOOL_CONVERSION = YES;
				CLANG_WARN_CONSTANT_CONVERSION = YES;
				CLANG_WARN_DIRECT_OBJC_ISA_USAGE = YES_ERROR;
				CLANG_WARN_DOCUMENTATION_COMMENTS = YES;
				CLANG_WARN_EMPTY_BODY = YES;
				CLANG_WARN_ENUM_CONVERSION = YES;
				CLANG_WARN_INFINITE_RECURSION = YES;
				CLANG_WARN_INT_CONVERSION = YES;
				CLANG_WARN_OBJC_ROOT_CLASS = YES_ERROR;
				CLANG_WARN_SUSPICIOUS_MOVE = YES;
				CLANG_WARN_UNREACHABLE_CODE = YES;
				CLANG_WARN__DUPLICATE_METHOD_MATCH = YES;
				"CODE_SIGN_IDENTITY[sdk=iphoneos*]" = "iPhone Developer";
				COPY_PHASE_STRIP = NO;
				DEBUG_INFORMATION_FORMAT = "dwarf-with-dsym";
				ENABLE_NS_ASSERTIONS = NO;
				ENABLE_STRICT_OBJC_MSGSEND = YES;
				GCC_C_LANGUAGE_STANDARD = gnu99;
				GCC_NO_COMMON_BLOCKS = YES;
				GCC_WARN_64_TO_32_BIT_CONVERSION = YES;
				GCC_WARN_ABOUT_RETURN_TYPE = YES_ERROR;
				GCC_WARN_UNDECLARED_SELECTOR = YES;
				GCC_WARN_UNINITIALIZED_AUTOS = YES_AGGRESSIVE;
				GCC_WARN_UNUSED_FUNCTION = YES;
				GCC_WARN_UNUSED_VARIABLE = YES;
				IPHONEOS_DEPLOYMENT_TARGET = 8.0;
				MTL_ENABLE_DEBUG_INFO = NO;
				SDKROOT = iphoneos;
				TARGETED_DEVICE_FAMILY = "1,2";
				VALIDATE_PRODUCT = YES;
			};
			name = Release;
		};
		5797A8CE1E20F27600F0BE38 /* Debug */ = {
			isa = XCBuildConfiguration;
			baseConfigurationReference = BD374FCE2CF2E483B21E9921 /* Pods-EnglishReader.debug.xcconfig */;
			buildSettings = {
				ASSETCATALOG_COMPILER_APPICON_NAME = AppIcon;
				DEVELOPMENT_TEAM = L68238BU67;
				INFOPLIST_FILE = EnglishReader/Info.plist;
				IPHONEOS_DEPLOYMENT_TARGET = 8.0;
				LD_RUNPATH_SEARCH_PATHS = "$(inherited) @executable_path/Frameworks";
				PRODUCT_BUNDLE_IDENTIFIER = ShouBoTV;
				PRODUCT_NAME = "$(TARGET_NAME)";
			};
			name = Debug;
		};
		5797A8CF1E20F27600F0BE38 /* Release */ = {
			isa = XCBuildConfiguration;
			baseConfigurationReference = 0C00EBF68E03656A2F86647F /* Pods-EnglishReader.release.xcconfig */;
			buildSettings = {
				ASSETCATALOG_COMPILER_APPICON_NAME = AppIcon;
				DEVELOPMENT_TEAM = L68238BU67;
				INFOPLIST_FILE = EnglishReader/Info.plist;
				IPHONEOS_DEPLOYMENT_TARGET = 8.0;
				LD_RUNPATH_SEARCH_PATHS = "$(inherited) @executable_path/Frameworks";
				PRODUCT_BUNDLE_IDENTIFIER = ShouBoTV;
				PRODUCT_NAME = "$(TARGET_NAME)";
			};
			name = Release;
		};
		5797A8D11E20F27600F0BE38 /* Debug */ = {
			isa = XCBuildConfiguration;
			buildSettings = {
				BUNDLE_LOADER = "$(TEST_HOST)";
				INFOPLIST_FILE = EnglishReaderTests/Info.plist;
				LD_RUNPATH_SEARCH_PATHS = "$(inherited) @executable_path/Frameworks @loader_path/Frameworks";
				PRODUCT_BUNDLE_IDENTIFIER = com.lfc.EnglishReaderTests;
				PRODUCT_NAME = "$(TARGET_NAME)";
				TEST_HOST = "$(BUILT_PRODUCTS_DIR)/EnglishReader.app/EnglishReader";
			};
			name = Debug;
		};
		5797A8D21E20F27600F0BE38 /* Release */ = {
			isa = XCBuildConfiguration;
			buildSettings = {
				BUNDLE_LOADER = "$(TEST_HOST)";
				INFOPLIST_FILE = EnglishReaderTests/Info.plist;
				LD_RUNPATH_SEARCH_PATHS = "$(inherited) @executable_path/Frameworks @loader_path/Frameworks";
				PRODUCT_BUNDLE_IDENTIFIER = com.lfc.EnglishReaderTests;
				PRODUCT_NAME = "$(TARGET_NAME)";
				TEST_HOST = "$(BUILT_PRODUCTS_DIR)/EnglishReader.app/EnglishReader";
			};
			name = Release;
		};
		5797A8D41E20F27600F0BE38 /* Debug */ = {
			isa = XCBuildConfiguration;
			buildSettings = {
				INFOPLIST_FILE = EnglishReaderUITests/Info.plist;
				LD_RUNPATH_SEARCH_PATHS = "$(inherited) @executable_path/Frameworks @loader_path/Frameworks";
				PRODUCT_BUNDLE_IDENTIFIER = com.lfc.EnglishReaderUITests;
				PRODUCT_NAME = "$(TARGET_NAME)";
				TEST_TARGET_NAME = EnglishReader;
			};
			name = Debug;
		};
		5797A8D51E20F27600F0BE38 /* Release */ = {
			isa = XCBuildConfiguration;
			buildSettings = {
				INFOPLIST_FILE = EnglishReaderUITests/Info.plist;
				LD_RUNPATH_SEARCH_PATHS = "$(inherited) @executable_path/Frameworks @loader_path/Frameworks";
				PRODUCT_BUNDLE_IDENTIFIER = com.lfc.EnglishReaderUITests;
				PRODUCT_NAME = "$(TARGET_NAME)";
				TEST_TARGET_NAME = EnglishReader;
			};
			name = Release;
		};
/* End XCBuildConfiguration section */

/* Begin XCConfigurationList section */
		5797A89B1E20F27600F0BE38 /* Build configuration list for PBXProject "EnglishReader" */ = {
			isa = XCConfigurationList;
			buildConfigurations = (
				5797A8CB1E20F27600F0BE38 /* Debug */,
				5797A8CC1E20F27600F0BE38 /* Release */,
			);
			defaultConfigurationIsVisible = 0;
			defaultConfigurationName = Release;
		};
		5797A8CD1E20F27600F0BE38 /* Build configuration list for PBXNativeTarget "EnglishReader" */ = {
			isa = XCConfigurationList;
			buildConfigurations = (
				5797A8CE1E20F27600F0BE38 /* Debug */,
				5797A8CF1E20F27600F0BE38 /* Release */,
			);
			defaultConfigurationIsVisible = 0;
			defaultConfigurationName = Release;
		};
		5797A8D01E20F27600F0BE38 /* Build configuration list for PBXNativeTarget "EnglishReaderTests" */ = {
			isa = XCConfigurationList;
			buildConfigurations = (
				5797A8D11E20F27600F0BE38 /* Debug */,
				5797A8D21E20F27600F0BE38 /* Release */,
			);
			defaultConfigurationIsVisible = 0;
			defaultConfigurationName = Release;
		};
		5797A8D31E20F27600F0BE38 /* Build configuration list for PBXNativeTarget "EnglishReaderUITests" */ = {
			isa = XCConfigurationList;
			buildConfigurations = (
				5797A8D41E20F27600F0BE38 /* Debug */,
				5797A8D51E20F27600F0BE38 /* Release */,
			);
			defaultConfigurationIsVisible = 0;
			defaultConfigurationName = Release;
		};
/* End XCConfigurationList section */
	};
	rootObject = 5797A8981E20F27600F0BE38 /* Project object */;
}
