// !$*UTF8*$!
{
	archiveVersion = 1;
	classes = {
	};
	objectVersion = 46;
	objects = {

/* Begin PBXBuildFile section */
		570878061E226618004D3AD5 /* paper_1.jpg in Resources */ = {isa = PBXBuildFile; fileRef = 570878021E226618004D3AD5 /* paper_1.jpg */; };
		570878071E226618004D3AD5 /* paper_2.jpg in Resources */ = {isa = PBXBuildFile; fileRef = 570878031E226618004D3AD5 /* paper_2.jpg */; };
		570878081E226618004D3AD5 /* paper_3.jpg in Resources */ = {isa = PBXBuildFile; fileRef = 570878041E226618004D3AD5 /* paper_3.jpg */; };
		570878091E226618004D3AD5 /* paper_4.jpg in Resources */ = {isa = PBXBuildFile; fileRef = 570878051E226618004D3AD5 /* paper_4.jpg */; };
		570DC56A1E23B33A00E24D1D /* FileManager.m in Sources */ = {isa = PBXBuildFile; fileRef = 570DC5691E23B33A00E24D1D /* FileManager.m */; };
		57119F411E220F3A00B929EB /* APIManager.m in Sources */ = {isa = PBXBuildFile; fileRef = 57119F401E220F3A00B929EB /* APIManager.m */; };
		57119F661E22413E00B929EB /* CoreText.framework in Frameworks */ = {isa = PBXBuildFile; fileRef = 57119F651E22413E00B929EB /* CoreText.framework */; };
		57180EDC1E235D6C00FFD097 /* CoreGraphics.framework in Frameworks */ = {isa = PBXBuildFile; fileRef = 57180EDB1E235D6C00FFD097 /* CoreGraphics.framework */; };
		575F5E711E249F870070E850 /* UIManager.m in Sources */ = {isa = PBXBuildFile; fileRef = 575F5E701E249F870070E850 /* UIManager.m */; };
		575F5EB71E24F6A70070E850 /* ArticleDetailViewController.m in Sources */ = {isa = PBXBuildFile; fileRef = 575F5E8A1E24F6A70070E850 /* ArticleDetailViewController.m */; };
		575F5EB81E24F6A70070E850 /* ArticleTextView.m in Sources */ = {isa = PBXBuildFile; fileRef = 575F5E8D1E24F6A70070E850 /* ArticleTextView.m */; };
		575F5EB91E24F6A70070E850 /* InterpreterView.m in Sources */ = {isa = PBXBuildFile; fileRef = 575F5E901E24F6A70070E850 /* InterpreterView.m */; };
		575F5EBA1E24F6A70070E850 /* InterpreterViewHeaderView.m in Sources */ = {isa = PBXBuildFile; fileRef = 575F5E921E24F6A70070E850 /* InterpreterViewHeaderView.m */; };
		575F5EBB1E24F6A70070E850 /* InterpreterViewLocal.m in Sources */ = {isa = PBXBuildFile; fileRef = 575F5E941E24F6A70070E850 /* InterpreterViewLocal.m */; };
		575F5EBC1E24F6A70070E850 /* InterpreterViewNetwork.m in Sources */ = {isa = PBXBuildFile; fileRef = 575F5E961E24F6A70070E850 /* InterpreterViewNetwork.m */; };
		575F5EBD1E24F6A70070E850 /* DocumentListViewController.m in Sources */ = {isa = PBXBuildFile; fileRef = 575F5E9A1E24F6A70070E850 /* DocumentListViewController.m */; };
		575F5EBE1E24F6A70070E850 /* DocumentListDataSource.m in Sources */ = {isa = PBXBuildFile; fileRef = 575F5E9D1E24F6A70070E850 /* DocumentListDataSource.m */; };
		575F5EBF1E24F6A70070E850 /* DocumentListCell.m in Sources */ = {isa = PBXBuildFile; fileRef = 575F5EA01E24F6A70070E850 /* DocumentListCell.m */; };
		575F5EC01E24F6A70070E850 /* MineViewController.m in Sources */ = {isa = PBXBuildFile; fileRef = 575F5EA41E24F6A70070E850 /* MineViewController.m */; };
		575F5EC11E24F6A70070E850 /* MainTabBarController.m in Sources */ = {isa = PBXBuildFile; fileRef = 575F5EA71E24F6A70070E850 /* MainTabBarController.m */; };
		575F5EC21E24F6A70070E850 /* MainViewController.m in Sources */ = {isa = PBXBuildFile; fileRef = 575F5EA91E24F6A70070E850 /* MainViewController.m */; };
		575F5EC31E24F6A70070E850 /* RootNavigationController.m in Sources */ = {isa = PBXBuildFile; fileRef = 575F5EAB1E24F6A70070E850 /* RootNavigationController.m */; };
		575F5EC41E24F6A70070E850 /* SettingViewController.m in Sources */ = {isa = PBXBuildFile; fileRef = 575F5EAF1E24F6A70070E850 /* SettingViewController.m */; };
		575F5EC51E24F6A70070E850 /* WordListViewController.m in Sources */ = {isa = PBXBuildFile; fileRef = 575F5EB31E24F6A70070E850 /* WordListViewController.m */; };
		575F5EC61E24F6A70070E850 /* WordModel.m in Sources */ = {isa = PBXBuildFile; fileRef = 575F5EB61E24F6A70070E850 /* WordModel.m */; };
		575F5F201E24F7720070E850 /* 83pv-RKSJ-H in Resources */ = {isa = PBXBuildFile; fileRef = 575F5EC91E24F7720070E850 /* 83pv-RKSJ-H */; };
		575F5F211E24F7720070E850 /* 90ms-RKSJ-H in Resources */ = {isa = PBXBuildFile; fileRef = 575F5ECA1E24F7720070E850 /* 90ms-RKSJ-H */; };
		575F5F221E24F7720070E850 /* 90ms-RKSJ-UCS2 in Resources */ = {isa = PBXBuildFile; fileRef = 575F5ECB1E24F7720070E850 /* 90ms-RKSJ-UCS2 */; };
		575F5F231E24F7720070E850 /* 90ms-RKSJ-V in Resources */ = {isa = PBXBuildFile; fileRef = 575F5ECC1E24F7720070E850 /* 90ms-RKSJ-V */; };
		575F5F241E24F7720070E850 /* 90msp-RKSJ-H in Resources */ = {isa = PBXBuildFile; fileRef = 575F5ECD1E24F7720070E850 /* 90msp-RKSJ-H */; };
		575F5F251E24F7720070E850 /* 90msp-RKSJ-V in Resources */ = {isa = PBXBuildFile; fileRef = 575F5ECE1E24F7720070E850 /* 90msp-RKSJ-V */; };
		575F5F261E24F7720070E850 /* 90pv-RKSJ-H in Resources */ = {isa = PBXBuildFile; fileRef = 575F5ECF1E24F7720070E850 /* 90pv-RKSJ-H */; };
		575F5F271E24F7720070E850 /* 90pv-RKSJ-UCS2 in Resources */ = {isa = PBXBuildFile; fileRef = 575F5ED01E24F7720070E850 /* 90pv-RKSJ-UCS2 */; };
		575F5F281E24F7720070E850 /* 90pv-RKSJ-UCS2C in Resources */ = {isa = PBXBuildFile; fileRef = 575F5ED11E24F7720070E850 /* 90pv-RKSJ-UCS2C */; };
		575F5F291E24F7720070E850 /* Add-RKSJ-H in Resources */ = {isa = PBXBuildFile; fileRef = 575F5ED21E24F7720070E850 /* Add-RKSJ-H */; };
		575F5F2A1E24F7720070E850 /* Add-RKSJ-V in Resources */ = {isa = PBXBuildFile; fileRef = 575F5ED31E24F7720070E850 /* Add-RKSJ-V */; };
		575F5F2B1E24F7720070E850 /* Adobe-CNS1-6 in Resources */ = {isa = PBXBuildFile; fileRef = 575F5ED41E24F7720070E850 /* Adobe-CNS1-6 */; };
		575F5F2C1E24F7720070E850 /* Adobe-CNS1-UCS2 in Resources */ = {isa = PBXBuildFile; fileRef = 575F5ED51E24F7720070E850 /* Adobe-CNS1-UCS2 */; };
		575F5F2D1E24F7720070E850 /* Adobe-GB1-5 in Resources */ = {isa = PBXBuildFile; fileRef = 575F5ED61E24F7720070E850 /* Adobe-GB1-5 */; };
		575F5F2E1E24F7720070E850 /* Adobe-GB1-UCS2 in Resources */ = {isa = PBXBuildFile; fileRef = 575F5ED71E24F7720070E850 /* Adobe-GB1-UCS2 */; };
		575F5F2F1E24F7720070E850 /* Adobe-Japan1-6 in Resources */ = {isa = PBXBuildFile; fileRef = 575F5ED81E24F7720070E850 /* Adobe-Japan1-6 */; };
		575F5F301E24F7720070E850 /* Adobe-Japan1-UCS2 in Resources */ = {isa = PBXBuildFile; fileRef = 575F5ED91E24F7720070E850 /* Adobe-Japan1-UCS2 */; };
		575F5F311E24F7720070E850 /* Adobe-Korea1-2 in Resources */ = {isa = PBXBuildFile; fileRef = 575F5EDA1E24F7720070E850 /* Adobe-Korea1-2 */; };
		575F5F321E24F7720070E850 /* Adobe-Korea1-UCS2 in Resources */ = {isa = PBXBuildFile; fileRef = 575F5EDB1E24F7720070E850 /* Adobe-Korea1-UCS2 */; };
		575F5F331E24F7720070E850 /* B5pc-H in Resources */ = {isa = PBXBuildFile; fileRef = 575F5EDC1E24F7720070E850 /* B5pc-H */; };
		575F5F341E24F7720070E850 /* B5pc-UCS2 in Resources */ = {isa = PBXBuildFile; fileRef = 575F5EDD1E24F7720070E850 /* B5pc-UCS2 */; };
		575F5F351E24F7720070E850 /* B5pc-UCS2C in Resources */ = {isa = PBXBuildFile; fileRef = 575F5EDE1E24F7720070E850 /* B5pc-UCS2C */; };
		575F5F361E24F7720070E850 /* B5pc-V in Resources */ = {isa = PBXBuildFile; fileRef = 575F5EDF1E24F7720070E850 /* B5pc-V */; };
		575F5F371E24F7720070E850 /* CNS-EUC-H in Resources */ = {isa = PBXBuildFile; fileRef = 575F5EE01E24F7720070E850 /* CNS-EUC-H */; };
		575F5F381E24F7720070E850 /* CNS-EUC-V in Resources */ = {isa = PBXBuildFile; fileRef = 575F5EE11E24F7720070E850 /* CNS-EUC-V */; };
		575F5F391E24F7720070E850 /* cp932.txt in Resources */ = {isa = PBXBuildFile; fileRef = 575F5EE21E24F7720070E850 /* cp932.txt */; };
		575F5F3A1E24F7720070E850 /* cp936.txt in Resources */ = {isa = PBXBuildFile; fileRef = 575F5EE31E24F7720070E850 /* cp936.txt */; };
		575F5F3B1E24F7720070E850 /* cp949.txt in Resources */ = {isa = PBXBuildFile; fileRef = 575F5EE41E24F7720070E850 /* cp949.txt */; };
		575F5F3C1E24F7720070E850 /* cp950.txt in Resources */ = {isa = PBXBuildFile; fileRef = 575F5EE51E24F7720070E850 /* cp950.txt */; };
		575F5F3D1E24F7720070E850 /* ETen-B5-H in Resources */ = {isa = PBXBuildFile; fileRef = 575F5EE61E24F7720070E850 /* ETen-B5-H */; };
		575F5F3E1E24F7720070E850 /* ETen-B5-UCS2 in Resources */ = {isa = PBXBuildFile; fileRef = 575F5EE71E24F7720070E850 /* ETen-B5-UCS2 */; };
		575F5F3F1E24F7720070E850 /* ETen-B5-V in Resources */ = {isa = PBXBuildFile; fileRef = 575F5EE81E24F7720070E850 /* ETen-B5-V */; };
		575F5F401E24F7720070E850 /* ETenms-B5-H in Resources */ = {isa = PBXBuildFile; fileRef = 575F5EE91E24F7720070E850 /* ETenms-B5-H */; };
		575F5F411E24F7720070E850 /* ETenms-B5-V in Resources */ = {isa = PBXBuildFile; fileRef = 575F5EEA1E24F7720070E850 /* ETenms-B5-V */; };
		575F5F421E24F7720070E850 /* EUC-H in Resources */ = {isa = PBXBuildFile; fileRef = 575F5EEB1E24F7720070E850 /* EUC-H */; };
		575F5F431E24F7720070E850 /* EUC-V in Resources */ = {isa = PBXBuildFile; fileRef = 575F5EEC1E24F7720070E850 /* EUC-V */; };
		575F5F441E24F7720070E850 /* Ext-RKSJ-H in Resources */ = {isa = PBXBuildFile; fileRef = 575F5EED1E24F7720070E850 /* Ext-RKSJ-H */; };
		575F5F451E24F7720070E850 /* Ext-RKSJ-V in Resources */ = {isa = PBXBuildFile; fileRef = 575F5EEE1E24F7720070E850 /* Ext-RKSJ-V */; };
		575F5F461E24F7720070E850 /* GB-EUC-H in Resources */ = {isa = PBXBuildFile; fileRef = 575F5EEF1E24F7720070E850 /* GB-EUC-H */; };
		575F5F471E24F7720070E850 /* GB-EUC-V in Resources */ = {isa = PBXBuildFile; fileRef = 575F5EF01E24F7720070E850 /* GB-EUC-V */; };
		575F5F481E24F7720070E850 /* GBK-EUC-H in Resources */ = {isa = PBXBuildFile; fileRef = 575F5EF11E24F7720070E850 /* GBK-EUC-H */; };
		575F5F491E24F7720070E850 /* GBK-EUC-UCS2 in Resources */ = {isa = PBXBuildFile; fileRef = 575F5EF21E24F7720070E850 /* GBK-EUC-UCS2 */; };
		575F5F4A1E24F7720070E850 /* GBK-EUC-V in Resources */ = {isa = PBXBuildFile; fileRef = 575F5EF31E24F7720070E850 /* GBK-EUC-V */; };
		575F5F4B1E24F7720070E850 /* GBK2K-H in Resources */ = {isa = PBXBuildFile; fileRef = 575F5EF41E24F7720070E850 /* GBK2K-H */; };
		575F5F4C1E24F7720070E850 /* GBK2K-V in Resources */ = {isa = PBXBuildFile; fileRef = 575F5EF51E24F7720070E850 /* GBK2K-V */; };
		575F5F4D1E24F7720070E850 /* GBKp-EUC-H in Resources */ = {isa = PBXBuildFile; fileRef = 575F5EF61E24F7720070E850 /* GBKp-EUC-H */; };
		575F5F4E1E24F7720070E850 /* GBKp-EUC-V in Resources */ = {isa = PBXBuildFile; fileRef = 575F5EF71E24F7720070E850 /* GBKp-EUC-V */; };
		575F5F4F1E24F7720070E850 /* GBpc-EUC-H in Resources */ = {isa = PBXBuildFile; fileRef = 575F5EF81E24F7720070E850 /* GBpc-EUC-H */; };
		575F5F501E24F7720070E850 /* GBpc-EUC-UCS2 in Resources */ = {isa = PBXBuildFile; fileRef = 575F5EF91E24F7720070E850 /* GBpc-EUC-UCS2 */; };
		575F5F511E24F7720070E850 /* GBpc-EUC-UCS2C in Resources */ = {isa = PBXBuildFile; fileRef = 575F5EFA1E24F7720070E850 /* GBpc-EUC-UCS2C */; };
		575F5F521E24F7720070E850 /* GBpc-EUC-V in Resources */ = {isa = PBXBuildFile; fileRef = 575F5EFB1E24F7720070E850 /* GBpc-EUC-V */; };
		575F5F531E24F7720070E850 /* GBT-EUC-H in Resources */ = {isa = PBXBuildFile; fileRef = 575F5EFC1E24F7720070E850 /* GBT-EUC-H */; };
		575F5F541E24F7720070E850 /* GBT-EUC-V in Resources */ = {isa = PBXBuildFile; fileRef = 575F5EFD1E24F7720070E850 /* GBT-EUC-V */; };
		575F5F551E24F7720070E850 /* H in Resources */ = {isa = PBXBuildFile; fileRef = 575F5EFE1E24F7720070E850 /* H */; };
		575F5F561E24F7720070E850 /* HKscs-B5-H in Resources */ = {isa = PBXBuildFile; fileRef = 575F5EFF1E24F7720070E850 /* HKscs-B5-H */; };
		575F5F571E24F7720070E850 /* HKscs-B5-V in Resources */ = {isa = PBXBuildFile; fileRef = 575F5F001E24F7720070E850 /* HKscs-B5-V */; };
		575F5F581E24F7720070E850 /* KSC-EUC-H in Resources */ = {isa = PBXBuildFile; fileRef = 575F5F011E24F7720070E850 /* KSC-EUC-H */; };
		575F5F591E24F7720070E850 /* KSC-EUC-V in Resources */ = {isa = PBXBuildFile; fileRef = 575F5F021E24F7720070E850 /* KSC-EUC-V */; };
		575F5F5A1E24F7720070E850 /* KSCms-UHC-H in Resources */ = {isa = PBXBuildFile; fileRef = 575F5F031E24F7720070E850 /* KSCms-UHC-H */; };
		575F5F5B1E24F7720070E850 /* KSCms-UHC-HW-H in Resources */ = {isa = PBXBuildFile; fileRef = 575F5F041E24F7720070E850 /* KSCms-UHC-HW-H */; };
		575F5F5C1E24F7720070E850 /* KSCms-UHC-HW-V in Resources */ = {isa = PBXBuildFile; fileRef = 575F5F051E24F7720070E850 /* KSCms-UHC-HW-V */; };
		575F5F5D1E24F7720070E850 /* KSCms-UHC-UCS2 in Resources */ = {isa = PBXBuildFile; fileRef = 575F5F061E24F7720070E850 /* KSCms-UHC-UCS2 */; };
		575F5F5E1E24F7720070E850 /* KSCms-UHC-V in Resources */ = {isa = PBXBuildFile; fileRef = 575F5F071E24F7720070E850 /* KSCms-UHC-V */; };
		575F5F5F1E24F7720070E850 /* KSCpc-EUC-H in Resources */ = {isa = PBXBuildFile; fileRef = 575F5F081E24F7720070E850 /* KSCpc-EUC-H */; };
		575F5F601E24F7720070E850 /* KSCpc-EUC-UCS2 in Resources */ = {isa = PBXBuildFile; fileRef = 575F5F091E24F7720070E850 /* KSCpc-EUC-UCS2 */; };
		575F5F611E24F7720070E850 /* KSCpc-EUC-UCS2C in Resources */ = {isa = PBXBuildFile; fileRef = 575F5F0A1E24F7720070E850 /* KSCpc-EUC-UCS2C */; };
		575F5F621E24F7720070E850 /* KSCpc-EUC-V in Resources */ = {isa = PBXBuildFile; fileRef = 575F5F0B1E24F7720070E850 /* KSCpc-EUC-V */; };
		575F5F631E24F7720070E850 /* UniCNS-UCS2-H in Resources */ = {isa = PBXBuildFile; fileRef = 575F5F0C1E24F7720070E850 /* UniCNS-UCS2-H */; };
		575F5F641E24F7720070E850 /* UniCNS-UCS2-V in Resources */ = {isa = PBXBuildFile; fileRef = 575F5F0D1E24F7720070E850 /* UniCNS-UCS2-V */; };
		575F5F651E24F7720070E850 /* UniCNS-UTF16-H in Resources */ = {isa = PBXBuildFile; fileRef = 575F5F0E1E24F7720070E850 /* UniCNS-UTF16-H */; };
		575F5F661E24F7720070E850 /* UniCNS-UTF16-V in Resources */ = {isa = PBXBuildFile; fileRef = 575F5F0F1E24F7720070E850 /* UniCNS-UTF16-V */; };
		575F5F671E24F7720070E850 /* UniGB-UCS2-H in Resources */ = {isa = PBXBuildFile; fileRef = 575F5F101E24F7720070E850 /* UniGB-UCS2-H */; };
		575F5F681E24F7720070E850 /* UniGB-UCS2-V in Resources */ = {isa = PBXBuildFile; fileRef = 575F5F111E24F7720070E850 /* UniGB-UCS2-V */; };
		575F5F691E24F7720070E850 /* UniGB-UTF16-H in Resources */ = {isa = PBXBuildFile; fileRef = 575F5F121E24F7720070E850 /* UniGB-UTF16-H */; };
		575F5F6A1E24F7720070E850 /* UniGB-UTF16-V in Resources */ = {isa = PBXBuildFile; fileRef = 575F5F131E24F7720070E850 /* UniGB-UTF16-V */; };
		575F5F6B1E24F7720070E850 /* UniJIS-UCS2-H in Resources */ = {isa = PBXBuildFile; fileRef = 575F5F141E24F7720070E850 /* UniJIS-UCS2-H */; };
		575F5F6C1E24F7720070E850 /* UniJIS-UCS2-HW-H in Resources */ = {isa = PBXBuildFile; fileRef = 575F5F151E24F7720070E850 /* UniJIS-UCS2-HW-H */; };
		575F5F6D1E24F7720070E850 /* UniJIS-UCS2-HW-V in Resources */ = {isa = PBXBuildFile; fileRef = 575F5F161E24F7720070E850 /* UniJIS-UCS2-HW-V */; };
		575F5F6E1E24F7720070E850 /* UniJIS-UCS2-V in Resources */ = {isa = PBXBuildFile; fileRef = 575F5F171E24F7720070E850 /* UniJIS-UCS2-V */; };
		575F5F6F1E24F7720070E850 /* UniJIS-UTF16-H in Resources */ = {isa = PBXBuildFile; fileRef = 575F5F181E24F7720070E850 /* UniJIS-UTF16-H */; };
		575F5F701E24F7720070E850 /* UniJIS-UTF16-V in Resources */ = {isa = PBXBuildFile; fileRef = 575F5F191E24F7720070E850 /* UniJIS-UTF16-V */; };
		575F5F711E24F7720070E850 /* UniKS-UCS2-H in Resources */ = {isa = PBXBuildFile; fileRef = 575F5F1A1E24F7720070E850 /* UniKS-UCS2-H */; };
		575F5F721E24F7720070E850 /* UniKS-UCS2-V in Resources */ = {isa = PBXBuildFile; fileRef = 575F5F1B1E24F7720070E850 /* UniKS-UCS2-V */; };
		575F5F731E24F7720070E850 /* UniKS-UTF16-H in Resources */ = {isa = PBXBuildFile; fileRef = 575F5F1C1E24F7720070E850 /* UniKS-UTF16-H */; };
		575F5F741E24F7720070E850 /* UniKS-UTF16-V in Resources */ = {isa = PBXBuildFile; fileRef = 575F5F1D1E24F7720070E850 /* UniKS-UTF16-V */; };
		575F5F751E24F7720070E850 /* V in Resources */ = {isa = PBXBuildFile; fileRef = 575F5F1E1E24F7720070E850 /* V */; };
		575F5F761E24F7720070E850 /* TET_ios.framework in Frameworks */ = {isa = PBXBuildFile; fileRef = 575F5F1F1E24F7720070E850 /* TET_ios.framework */; };
		575F5F7E1E24F78C0070E850 /* NSDictionary+JSONHelper.m in Sources */ = {isa = PBXBuildFile; fileRef = 575F5F791E24F78C0070E850 /* NSDictionary+JSONHelper.m */; };
		575F5F7F1E24F78C0070E850 /* UIColor+Extention.m in Sources */ = {isa = PBXBuildFile; fileRef = 575F5F7B1E24F78C0070E850 /* UIColor+Extention.m */; };
		575F5F801E24F78C0070E850 /* UIWebView+JS.m in Sources */ = {isa = PBXBuildFile; fileRef = 575F5F7D1E24F78C0070E850 /* UIWebView+JS.m */; };
		575F5F891E24F7CC0070E850 /* DataCenter.m in Sources */ = {isa = PBXBuildFile; fileRef = 575F5F831E24F7CC0070E850 /* DataCenter.m */; };
		575F5F8B1E24F7CC0070E850 /* FMDBKeyValueTable.m in Sources */ = {isa = PBXBuildFile; fileRef = 575F5F861E24F7CC0070E850 /* FMDBKeyValueTable.m */; };
		575F5F8C1E24F7CC0070E850 /* FMDBManager.m in Sources */ = {isa = PBXBuildFile; fileRef = 575F5F881E24F7CC0070E850 /* FMDBManager.m */; };
		5797A8A51E20F27600F0BE38 /* main.m in Sources */ = {isa = PBXBuildFile; fileRef = 5797A8A41E20F27600F0BE38 /* main.m */; };
		5797A8A81E20F27600F0BE38 /* AppDelegate.m in Sources */ = {isa = PBXBuildFile; fileRef = 5797A8A71E20F27600F0BE38 /* AppDelegate.m */; };
		5797A8B01E20F27600F0BE38 /* Assets.xcassets in Resources */ = {isa = PBXBuildFile; fileRef = 5797A8AF1E20F27600F0BE38 /* Assets.xcassets */; };
		5797A8B31E20F27600F0BE38 /* LaunchScreen.storyboard in Resources */ = {isa = PBXBuildFile; fileRef = 5797A8B11E20F27600F0BE38 /* LaunchScreen.storyboard */; };
		5797A8BE1E20F27600F0BE38 /* EnglishReaderTests.m in Sources */ = {isa = PBXBuildFile; fileRef = 5797A8BD1E20F27600F0BE38 /* EnglishReaderTests.m */; };
		5797A8C91E20F27600F0BE38 /* EnglishReaderUITests.m in Sources */ = {isa = PBXBuildFile; fileRef = 5797A8C81E20F27600F0BE38 /* EnglishReaderUITests.m */; };
		5797A8EE1E210B9000F0BE38 /* ArticleHelper.m in Sources */ = {isa = PBXBuildFile; fileRef = 5797A8ED1E210B9000F0BE38 /* ArticleHelper.m */; };
		5D3330FFF71202D99C8AA74E /* libPods-EnglishReader.a in Frameworks */ = {isa = PBXBuildFile; fileRef = F39FB3324EE27FE9200B804C /* libPods-EnglishReader.a */; };
/* End PBXBuildFile section */

/* Begin PBXContainerItemProxy section */
		5797A8BA1E20F27600F0BE38 /* PBXContainerItemProxy */ = {
			isa = PBXContainerItemProxy;
			containerPortal = 5797A8981E20F27600F0BE38 /* Project object */;
			proxyType = 1;
			remoteGlobalIDString = 5797A89F1E20F27600F0BE38;
			remoteInfo = EnglishReader;
		};
		5797A8C51E20F27600F0BE38 /* PBXContainerItemProxy */ = {
			isa = PBXContainerItemProxy;
			containerPortal = 5797A8981E20F27600F0BE38 /* Project object */;
			proxyType = 1;
			remoteGlobalIDString = 5797A89F1E20F27600F0BE38;
			remoteInfo = EnglishReader;
		};
/* End PBXContainerItemProxy section */

/* Begin PBXFileReference section */
		0C00EBF68E03656A2F86647F /* Pods-EnglishReader.release.xcconfig */ = {isa = PBXFileReference; includeInIndex = 1; lastKnownFileType = text.xcconfig; name = "Pods-EnglishReader.release.xcconfig"; path = "Pods/Target Support Files/Pods-EnglishReader/Pods-EnglishReader.release.xcconfig"; sourceTree = "<group>"; };
		570878021E226618004D3AD5 /* paper_1.jpg */ = {isa = PBXFileReference; lastKnownFileType = image.jpeg; path = paper_1.jpg; sourceTree = "<group>"; };
		570878031E226618004D3AD5 /* paper_2.jpg */ = {isa = PBXFileReference; lastKnownFileType = image.jpeg; path = paper_2.jpg; sourceTree = "<group>"; };
		570878041E226618004D3AD5 /* paper_3.jpg */ = {isa = PBXFileReference; lastKnownFileType = image.jpeg; path = paper_3.jpg; sourceTree = "<group>"; };
		570878051E226618004D3AD5 /* paper_4.jpg */ = {isa = PBXFileReference; lastKnownFileType = image.jpeg; path = paper_4.jpg; sourceTree = "<group>"; };
		570DC5681E23B33A00E24D1D /* FileManager.h */ = {isa = PBXFileReference; fileEncoding = 4; lastKnownFileType = sourcecode.c.h; path = FileManager.h; sourceTree = "<group>"; };
		570DC5691E23B33A00E24D1D /* FileManager.m */ = {isa = PBXFileReference; fileEncoding = 4; lastKnownFileType = sourcecode.c.objc; path = FileManager.m; sourceTree = "<group>"; };
		57119F3D1E220E5200B929EB /* DefineKeys.h */ = {isa = PBXFileReference; fileEncoding = 4; lastKnownFileType = sourcecode.c.h; path = DefineKeys.h; sourceTree = "<group>"; };
		57119F3F1E220F3A00B929EB /* APIManager.h */ = {isa = PBXFileReference; fileEncoding = 4; lastKnownFileType = sourcecode.c.h; path = APIManager.h; sourceTree = "<group>"; };
		57119F401E220F3A00B929EB /* APIManager.m */ = {isa = PBXFileReference; fileEncoding = 4; lastKnownFileType = sourcecode.c.objc; path = APIManager.m; sourceTree = "<group>"; };
		57119F421E220F9100B929EB /* APIManagerProtocol.h */ = {isa = PBXFileReference; fileEncoding = 4; lastKnownFileType = sourcecode.c.h; path = APIManagerProtocol.h; sourceTree = "<group>"; };
		57119F651E22413E00B929EB /* CoreText.framework */ = {isa = PBXFileReference; lastKnownFileType = wrapper.framework; name = CoreText.framework; path = System/Library/Frameworks/CoreText.framework; sourceTree = SDKROOT; };
		57180EDB1E235D6C00FFD097 /* CoreGraphics.framework */ = {isa = PBXFileReference; lastKnownFileType = wrapper.framework; name = CoreGraphics.framework; path = System/Library/Frameworks/CoreGraphics.framework; sourceTree = SDKROOT; };
		575F5E6F1E249F870070E850 /* UIManager.h */ = {isa = PBXFileReference; fileEncoding = 4; lastKnownFileType = sourcecode.c.h; path = UIManager.h; sourceTree = "<group>"; };
		575F5E701E249F870070E850 /* UIManager.m */ = {isa = PBXFileReference; fileEncoding = 4; lastKnownFileType = sourcecode.c.objc; path = UIManager.m; sourceTree = "<group>"; };
		575F5E891E24F6A70070E850 /* ArticleDetailViewController.h */ = {isa = PBXFileReference; fileEncoding = 4; lastKnownFileType = sourcecode.c.h; path = ArticleDetailViewController.h; sourceTree = "<group>"; };
		575F5E8A1E24F6A70070E850 /* ArticleDetailViewController.m */ = {isa = PBXFileReference; fileEncoding = 4; lastKnownFileType = sourcecode.c.objc; path = ArticleDetailViewController.m; sourceTree = "<group>"; };
		575F5E8C1E24F6A70070E850 /* ArticleTextView.h */ = {isa = PBXFileReference; fileEncoding = 4; lastKnownFileType = sourcecode.c.h; path = ArticleTextView.h; sourceTree = "<group>"; };
		575F5E8D1E24F6A70070E850 /* ArticleTextView.m */ = {isa = PBXFileReference; fileEncoding = 4; lastKnownFileType = sourcecode.c.objc; path = ArticleTextView.m; sourceTree = "<group>"; };
		575F5E8E1E24F6A70070E850 /* InterpreterContentViewProtocol.h */ = {isa = PBXFileReference; fileEncoding = 4; lastKnownFileType = sourcecode.c.h; path = InterpreterContentViewProtocol.h; sourceTree = "<group>"; };
		575F5E8F1E24F6A70070E850 /* InterpreterView.h */ = {isa = PBXFileReference; fileEncoding = 4; lastKnownFileType = sourcecode.c.h; path = InterpreterView.h; sourceTree = "<group>"; };
		575F5E901E24F6A70070E850 /* InterpreterView.m */ = {isa = PBXFileReference; fileEncoding = 4; lastKnownFileType = sourcecode.c.objc; path = InterpreterView.m; sourceTree = "<group>"; };
		575F5E911E24F6A70070E850 /* InterpreterViewHeaderView.h */ = {isa = PBXFileReference; fileEncoding = 4; lastKnownFileType = sourcecode.c.h; path = InterpreterViewHeaderView.h; sourceTree = "<group>"; };
		575F5E921E24F6A70070E850 /* InterpreterViewHeaderView.m */ = {isa = PBXFileReference; fileEncoding = 4; lastKnownFileType = sourcecode.c.objc; path = InterpreterViewHeaderView.m; sourceTree = "<group>"; };
		575F5E931E24F6A70070E850 /* InterpreterViewLocal.h */ = {isa = PBXFileReference; fileEncoding = 4; lastKnownFileType = sourcecode.c.h; path = InterpreterViewLocal.h; sourceTree = "<group>"; };
		575F5E941E24F6A70070E850 /* InterpreterViewLocal.m */ = {isa = PBXFileReference; fileEncoding = 4; lastKnownFileType = sourcecode.c.objc; path = InterpreterViewLocal.m; sourceTree = "<group>"; };
		575F5E951E24F6A70070E850 /* InterpreterViewNetwork.h */ = {isa = PBXFileReference; fileEncoding = 4; lastKnownFileType = sourcecode.c.h; path = InterpreterViewNetwork.h; sourceTree = "<group>"; };
		575F5E961E24F6A70070E850 /* InterpreterViewNetwork.m */ = {isa = PBXFileReference; fileEncoding = 4; lastKnownFileType = sourcecode.c.objc; path = InterpreterViewNetwork.m; sourceTree = "<group>"; };
		575F5E991E24F6A70070E850 /* DocumentListViewController.h */ = {isa = PBXFileReference; fileEncoding = 4; lastKnownFileType = sourcecode.c.h; path = DocumentListViewController.h; sourceTree = "<group>"; };
		575F5E9A1E24F6A70070E850 /* DocumentListViewController.m */ = {isa = PBXFileReference; fileEncoding = 4; lastKnownFileType = sourcecode.c.objc; path = DocumentListViewController.m; sourceTree = "<group>"; };
		575F5E9C1E24F6A70070E850 /* DocumentListDataSource.h */ = {isa = PBXFileReference; fileEncoding = 4; lastKnownFileType = sourcecode.c.h; path = DocumentListDataSource.h; sourceTree = "<group>"; };
		575F5E9D1E24F6A70070E850 /* DocumentListDataSource.m */ = {isa = PBXFileReference; fileEncoding = 4; lastKnownFileType = sourcecode.c.objc; path = DocumentListDataSource.m; sourceTree = "<group>"; };
		575F5E9F1E24F6A70070E850 /* DocumentListCell.h */ = {isa = PBXFileReference; fileEncoding = 4; lastKnownFileType = sourcecode.c.h; path = DocumentListCell.h; sourceTree = "<group>"; };
		575F5EA01E24F6A70070E850 /* DocumentListCell.m */ = {isa = PBXFileReference; fileEncoding = 4; lastKnownFileType = sourcecode.c.objc; path = DocumentListCell.m; sourceTree = "<group>"; };
		575F5EA31E24F6A70070E850 /* MineViewController.h */ = {isa = PBXFileReference; fileEncoding = 4; lastKnownFileType = sourcecode.c.h; path = MineViewController.h; sourceTree = "<group>"; };
		575F5EA41E24F6A70070E850 /* MineViewController.m */ = {isa = PBXFileReference; fileEncoding = 4; lastKnownFileType = sourcecode.c.objc; path = MineViewController.m; sourceTree = "<group>"; };
		575F5EA61E24F6A70070E850 /* MainTabBarController.h */ = {isa = PBXFileReference; fileEncoding = 4; lastKnownFileType = sourcecode.c.h; path = MainTabBarController.h; sourceTree = "<group>"; };
		575F5EA71E24F6A70070E850 /* MainTabBarController.m */ = {isa = PBXFileReference; fileEncoding = 4; lastKnownFileType = sourcecode.c.objc; path = MainTabBarController.m; sourceTree = "<group>"; };
		575F5EA81E24F6A70070E850 /* MainViewController.h */ = {isa = PBXFileReference; fileEncoding = 4; lastKnownFileType = sourcecode.c.h; path = MainViewController.h; sourceTree = "<group>"; };
		575F5EA91E24F6A70070E850 /* MainViewController.m */ = {isa = PBXFileReference; fileEncoding = 4; lastKnownFileType = sourcecode.c.objc; path = MainViewController.m; sourceTree = "<group>"; };
		575F5EAA1E24F6A70070E850 /* RootNavigationController.h */ = {isa = PBXFileReference; fileEncoding = 4; lastKnownFileType = sourcecode.c.h; path = RootNavigationController.h; sourceTree = "<group>"; };
		575F5EAB1E24F6A70070E850 /* RootNavigationController.m */ = {isa = PBXFileReference; fileEncoding = 4; lastKnownFileType = sourcecode.c.objc; path = RootNavigationController.m; sourceTree = "<group>"; };
		575F5EAE1E24F6A70070E850 /* SettingViewController.h */ = {isa = PBXFileReference; fileEncoding = 4; lastKnownFileType = sourcecode.c.h; path = SettingViewController.h; sourceTree = "<group>"; };
		575F5EAF1E24F6A70070E850 /* SettingViewController.m */ = {isa = PBXFileReference; fileEncoding = 4; lastKnownFileType = sourcecode.c.objc; path = SettingViewController.m; sourceTree = "<group>"; };
		575F5EB21E24F6A70070E850 /* WordListViewController.h */ = {isa = PBXFileReference; fileEncoding = 4; lastKnownFileType = sourcecode.c.h; path = WordListViewController.h; sourceTree = "<group>"; };
		575F5EB31E24F6A70070E850 /* WordListViewController.m */ = {isa = PBXFileReference; fileEncoding = 4; lastKnownFileType = sourcecode.c.objc; path = WordListViewController.m; sourceTree = "<group>"; };
		575F5EB51E24F6A70070E850 /* WordModel.h */ = {isa = PBXFileReference; fileEncoding = 4; lastKnownFileType = sourcecode.c.h; path = WordModel.h; sourceTree = "<group>"; };
		575F5EB61E24F6A70070E850 /* WordModel.m */ = {isa = PBXFileReference; fileEncoding = 4; lastKnownFileType = sourcecode.c.objc; path = WordModel.m; sourceTree = "<group>"; };
		575F5EC91E24F7720070E850 /* 83pv-RKSJ-H */ = {isa = PBXFileReference; fileEncoding = 4; lastKnownFileType = text; path = "83pv-RKSJ-H"; sourceTree = "<group>"; };
		575F5ECA1E24F7720070E850 /* 90ms-RKSJ-H */ = {isa = PBXFileReference; fileEncoding = 4; lastKnownFileType = text; path = "90ms-RKSJ-H"; sourceTree = "<group>"; };
		575F5ECB1E24F7720070E850 /* 90ms-RKSJ-UCS2 */ = {isa = PBXFileReference; fileEncoding = 4; lastKnownFileType = text; path = "90ms-RKSJ-UCS2"; sourceTree = "<group>"; };
		575F5ECC1E24F7720070E850 /* 90ms-RKSJ-V */ = {isa = PBXFileReference; fileEncoding = 4; lastKnownFileType = text; path = "90ms-RKSJ-V"; sourceTree = "<group>"; };
		575F5ECD1E24F7720070E850 /* 90msp-RKSJ-H */ = {isa = PBXFileReference; fileEncoding = 4; lastKnownFileType = text; path = "90msp-RKSJ-H"; sourceTree = "<group>"; };
		575F5ECE1E24F7720070E850 /* 90msp-RKSJ-V */ = {isa = PBXFileReference; fileEncoding = 4; lastKnownFileType = text; path = "90msp-RKSJ-V"; sourceTree = "<group>"; };
		575F5ECF1E24F7720070E850 /* 90pv-RKSJ-H */ = {isa = PBXFileReference; fileEncoding = 4; lastKnownFileType = text; path = "90pv-RKSJ-H"; sourceTree = "<group>"; };
		575F5ED01E24F7720070E850 /* 90pv-RKSJ-UCS2 */ = {isa = PBXFileReference; fileEncoding = 4; lastKnownFileType = text; path = "90pv-RKSJ-UCS2"; sourceTree = "<group>"; };
		575F5ED11E24F7720070E850 /* 90pv-RKSJ-UCS2C */ = {isa = PBXFileReference; fileEncoding = 4; lastKnownFileType = text; path = "90pv-RKSJ-UCS2C"; sourceTree = "<group>"; };
		575F5ED21E24F7720070E850 /* Add-RKSJ-H */ = {isa = PBXFileReference; fileEncoding = 4; lastKnownFileType = text; path = "Add-RKSJ-H"; sourceTree = "<group>"; };
		575F5ED31E24F7720070E850 /* Add-RKSJ-V */ = {isa = PBXFileReference; fileEncoding = 4; lastKnownFileType = text; path = "Add-RKSJ-V"; sourceTree = "<group>"; };
		575F5ED41E24F7720070E850 /* Adobe-CNS1-6 */ = {isa = PBXFileReference; fileEncoding = 4; lastKnownFileType = text; path = "Adobe-CNS1-6"; sourceTree = "<group>"; };
		575F5ED51E24F7720070E850 /* Adobe-CNS1-UCS2 */ = {isa = PBXFileReference; fileEncoding = 4; lastKnownFileType = text; path = "Adobe-CNS1-UCS2"; sourceTree = "<group>"; };
		575F5ED61E24F7720070E850 /* Adobe-GB1-5 */ = {isa = PBXFileReference; fileEncoding = 4; lastKnownFileType = text; path = "Adobe-GB1-5"; sourceTree = "<group>"; };
		575F5ED71E24F7720070E850 /* Adobe-GB1-UCS2 */ = {isa = PBXFileReference; fileEncoding = 4; lastKnownFileType = text; path = "Adobe-GB1-UCS2"; sourceTree = "<group>"; };
		575F5ED81E24F7720070E850 /* Adobe-Japan1-6 */ = {isa = PBXFileReference; fileEncoding = 4; lastKnownFileType = text; path = "Adobe-Japan1-6"; sourceTree = "<group>"; };
		575F5ED91E24F7720070E850 /* Adobe-Japan1-UCS2 */ = {isa = PBXFileReference; fileEncoding = 4; lastKnownFileType = text; path = "Adobe-Japan1-UCS2"; sourceTree = "<group>"; };
		575F5EDA1E24F7720070E850 /* Adobe-Korea1-2 */ = {isa = PBXFileReference; fileEncoding = 4; lastKnownFileType = text; path = "Adobe-Korea1-2"; sourceTree = "<group>"; };
		575F5EDB1E24F7720070E850 /* Adobe-Korea1-UCS2 */ = {isa = PBXFileReference; fileEncoding = 4; lastKnownFileType = text; path = "Adobe-Korea1-UCS2"; sourceTree = "<group>"; };
		575F5EDC1E24F7720070E850 /* B5pc-H */ = {isa = PBXFileReference; fileEncoding = 4; lastKnownFileType = text; path = "B5pc-H"; sourceTree = "<group>"; };
		575F5EDD1E24F7720070E850 /* B5pc-UCS2 */ = {isa = PBXFileReference; fileEncoding = 4; lastKnownFileType = text; path = "B5pc-UCS2"; sourceTree = "<group>"; };
		575F5EDE1E24F7720070E850 /* B5pc-UCS2C */ = {isa = PBXFileReference; fileEncoding = 4; lastKnownFileType = text; path = "B5pc-UCS2C"; sourceTree = "<group>"; };
		575F5EDF1E24F7720070E850 /* B5pc-V */ = {isa = PBXFileReference; fileEncoding = 4; lastKnownFileType = text; path = "B5pc-V"; sourceTree = "<group>"; };
		575F5EE01E24F7720070E850 /* CNS-EUC-H */ = {isa = PBXFileReference; fileEncoding = 4; lastKnownFileType = text; path = "CNS-EUC-H"; sourceTree = "<group>"; };
		575F5EE11E24F7720070E850 /* CNS-EUC-V */ = {isa = PBXFileReference; fileEncoding = 4; lastKnownFileType = text; path = "CNS-EUC-V"; sourceTree = "<group>"; };
		575F5EE21E24F7720070E850 /* cp932.txt */ = {isa = PBXFileReference; fileEncoding = 4; lastKnownFileType = text; path = cp932.txt; sourceTree = "<group>"; };
		575F5EE31E24F7720070E850 /* cp936.txt */ = {isa = PBXFileReference; fileEncoding = 4; lastKnownFileType = text; path = cp936.txt; sourceTree = "<group>"; };
		575F5EE41E24F7720070E850 /* cp949.txt */ = {isa = PBXFileReference; fileEncoding = 4; lastKnownFileType = text; path = cp949.txt; sourceTree = "<group>"; };
		575F5EE51E24F7720070E850 /* cp950.txt */ = {isa = PBXFileReference; fileEncoding = 4; lastKnownFileType = text; path = cp950.txt; sourceTree = "<group>"; };
		575F5EE61E24F7720070E850 /* ETen-B5-H */ = {isa = PBXFileReference; fileEncoding = 4; lastKnownFileType = text; path = "ETen-B5-H"; sourceTree = "<group>"; };
		575F5EE71E24F7720070E850 /* ETen-B5-UCS2 */ = {isa = PBXFileReference; fileEncoding = 4; lastKnownFileType = text; path = "ETen-B5-UCS2"; sourceTree = "<group>"; };
		575F5EE81E24F7720070E850 /* ETen-B5-V */ = {isa = PBXFileReference; fileEncoding = 4; lastKnownFileType = text; path = "ETen-B5-V"; sourceTree = "<group>"; };
		575F5EE91E24F7720070E850 /* ETenms-B5-H */ = {isa = PBXFileReference; fileEncoding = 4; lastKnownFileType = text; path = "ETenms-B5-H"; sourceTree = "<group>"; };
		575F5EEA1E24F7720070E850 /* ETenms-B5-V */ = {isa = PBXFileReference; fileEncoding = 4; lastKnownFileType = text; path = "ETenms-B5-V"; sourceTree = "<group>"; };
		575F5EEB1E24F7720070E850 /* EUC-H */ = {isa = PBXFileReference; fileEncoding = 4; lastKnownFileType = text; path = "EUC-H"; sourceTree = "<group>"; };
		575F5EEC1E24F7720070E850 /* EUC-V */ = {isa = PBXFileReference; fileEncoding = 4; lastKnownFileType = text; path = "EUC-V"; sourceTree = "<group>"; };
		575F5EED1E24F7720070E850 /* Ext-RKSJ-H */ = {isa = PBXFileReference; fileEncoding = 4; lastKnownFileType = text; path = "Ext-RKSJ-H"; sourceTree = "<group>"; };
		575F5EEE1E24F7720070E850 /* Ext-RKSJ-V */ = {isa = PBXFileReference; fileEncoding = 4; lastKnownFileType = text; path = "Ext-RKSJ-V"; sourceTree = "<group>"; };
		575F5EEF1E24F7720070E850 /* GB-EUC-H */ = {isa = PBXFileReference; fileEncoding = 4; lastKnownFileType = text; path = "GB-EUC-H"; sourceTree = "<group>"; };
		575F5EF01E24F7720070E850 /* GB-EUC-V */ = {isa = PBXFileReference; fileEncoding = 4; lastKnownFileType = text; path = "GB-EUC-V"; sourceTree = "<group>"; };
		575F5EF11E24F7720070E850 /* GBK-EUC-H */ = {isa = PBXFileReference; fileEncoding = 4; lastKnownFileType = text; path = "GBK-EUC-H"; sourceTree = "<group>"; };
		575F5EF21E24F7720070E850 /* GBK-EUC-UCS2 */ = {isa = PBXFileReference; fileEncoding = 4; lastKnownFileType = text; path = "GBK-EUC-UCS2"; sourceTree = "<group>"; };
		575F5EF31E24F7720070E850 /* GBK-EUC-V */ = {isa = PBXFileReference; fileEncoding = 4; lastKnownFileType = text; path = "GBK-EUC-V"; sourceTree = "<group>"; };
		575F5EF41E24F7720070E850 /* GBK2K-H */ = {isa = PBXFileReference; fileEncoding = 4; lastKnownFileType = text; path = "GBK2K-H"; sourceTree = "<group>"; };
		575F5EF51E24F7720070E850 /* GBK2K-V */ = {isa = PBXFileReference; fileEncoding = 4; lastKnownFileType = text; path = "GBK2K-V"; sourceTree = "<group>"; };
		575F5EF61E24F7720070E850 /* GBKp-EUC-H */ = {isa = PBXFileReference; fileEncoding = 4; lastKnownFileType = text; path = "GBKp-EUC-H"; sourceTree = "<group>"; };
		575F5EF71E24F7720070E850 /* GBKp-EUC-V */ = {isa = PBXFileReference; fileEncoding = 4; lastKnownFileType = text; path = "GBKp-EUC-V"; sourceTree = "<group>"; };
		575F5EF81E24F7720070E850 /* GBpc-EUC-H */ = {isa = PBXFileReference; fileEncoding = 4; lastKnownFileType = text; path = "GBpc-EUC-H"; sourceTree = "<group>"; };
		575F5EF91E24F7720070E850 /* GBpc-EUC-UCS2 */ = {isa = PBXFileReference; fileEncoding = 4; lastKnownFileType = text; path = "GBpc-EUC-UCS2"; sourceTree = "<group>"; };
		575F5EFA1E24F7720070E850 /* GBpc-EUC-UCS2C */ = {isa = PBXFileReference; fileEncoding = 4; lastKnownFileType = text; path = "GBpc-EUC-UCS2C"; sourceTree = "<group>"; };
		575F5EFB1E24F7720070E850 /* GBpc-EUC-V */ = {isa = PBXFileReference; fileEncoding = 4; lastKnownFileType = text; path = "GBpc-EUC-V"; sourceTree = "<group>"; };
		575F5EFC1E24F7720070E850 /* GBT-EUC-H */ = {isa = PBXFileReference; fileEncoding = 4; lastKnownFileType = text; path = "GBT-EUC-H"; sourceTree = "<group>"; };
		575F5EFD1E24F7720070E850 /* GBT-EUC-V */ = {isa = PBXFileReference; fileEncoding = 4; lastKnownFileType = text; path = "GBT-EUC-V"; sourceTree = "<group>"; };
		575F5EFE1E24F7720070E850 /* H */ = {isa = PBXFileReference; fileEncoding = 4; lastKnownFileType = text; path = H; sourceTree = "<group>"; };
		575F5EFF1E24F7720070E850 /* HKscs-B5-H */ = {isa = PBXFileReference; fileEncoding = 4; lastKnownFileType = text; path = "HKscs-B5-H"; sourceTree = "<group>"; };
		575F5F001E24F7720070E850 /* HKscs-B5-V */ = {isa = PBXFileReference; fileEncoding = 4; lastKnownFileType = text; path = "HKscs-B5-V"; sourceTree = "<group>"; };
		575F5F011E24F7720070E850 /* KSC-EUC-H */ = {isa = PBXFileReference; fileEncoding = 4; lastKnownFileType = text; path = "KSC-EUC-H"; sourceTree = "<group>"; };
		575F5F021E24F7720070E850 /* KSC-EUC-V */ = {isa = PBXFileReference; fileEncoding = 4; lastKnownFileType = text; path = "KSC-EUC-V"; sourceTree = "<group>"; };
		575F5F031E24F7720070E850 /* KSCms-UHC-H */ = {isa = PBXFileReference; fileEncoding = 4; lastKnownFileType = text; path = "KSCms-UHC-H"; sourceTree = "<group>"; };
		575F5F041E24F7720070E850 /* KSCms-UHC-HW-H */ = {isa = PBXFileReference; fileEncoding = 4; lastKnownFileType = text; path = "KSCms-UHC-HW-H"; sourceTree = "<group>"; };
		575F5F051E24F7720070E850 /* KSCms-UHC-HW-V */ = {isa = PBXFileReference; fileEncoding = 4; lastKnownFileType = text; path = "KSCms-UHC-HW-V"; sourceTree = "<group>"; };
		575F5F061E24F7720070E850 /* KSCms-UHC-UCS2 */ = {isa = PBXFileReference; fileEncoding = 4; lastKnownFileType = text; path = "KSCms-UHC-UCS2"; sourceTree = "<group>"; };
		575F5F071E24F7720070E850 /* KSCms-UHC-V */ = {isa = PBXFileReference; fileEncoding = 4; lastKnownFileType = text; path = "KSCms-UHC-V"; sourceTree = "<group>"; };
		575F5F081E24F7720070E850 /* KSCpc-EUC-H */ = {isa = PBXFileReference; fileEncoding = 4; lastKnownFileType = text; path = "KSCpc-EUC-H"; sourceTree = "<group>"; };
		575F5F091E24F7720070E850 /* KSCpc-EUC-UCS2 */ = {isa = PBXFileReference; fileEncoding = 4; lastKnownFileType = text; path = "KSCpc-EUC-UCS2"; sourceTree = "<group>"; };
		575F5F0A1E24F7720070E850 /* KSCpc-EUC-UCS2C */ = {isa = PBXFileReference; fileEncoding = 4; lastKnownFileType = text; path = "KSCpc-EUC-UCS2C"; sourceTree = "<group>"; };
		575F5F0B1E24F7720070E850 /* KSCpc-EUC-V */ = {isa = PBXFileReference; fileEncoding = 4; lastKnownFileType = text; path = "KSCpc-EUC-V"; sourceTree = "<group>"; };
		575F5F0C1E24F7720070E850 /* UniCNS-UCS2-H */ = {isa = PBXFileReference; fileEncoding = 4; lastKnownFileType = text; path = "UniCNS-UCS2-H"; sourceTree = "<group>"; };
		575F5F0D1E24F7720070E850 /* UniCNS-UCS2-V */ = {isa = PBXFileReference; fileEncoding = 4; lastKnownFileType = text; path = "UniCNS-UCS2-V"; sourceTree = "<group>"; };
		575F5F0E1E24F7720070E850 /* UniCNS-UTF16-H */ = {isa = PBXFileReference; fileEncoding = 4; lastKnownFileType = text; path = "UniCNS-UTF16-H"; sourceTree = "<group>"; };
		575F5F0F1E24F7720070E850 /* UniCNS-UTF16-V */ = {isa = PBXFileReference; fileEncoding = 4; lastKnownFileType = text; path = "UniCNS-UTF16-V"; sourceTree = "<group>"; };
		575F5F101E24F7720070E850 /* UniGB-UCS2-H */ = {isa = PBXFileReference; fileEncoding = 4; lastKnownFileType = text; path = "UniGB-UCS2-H"; sourceTree = "<group>"; };
		575F5F111E24F7720070E850 /* UniGB-UCS2-V */ = {isa = PBXFileReference; fileEncoding = 4; lastKnownFileType = text; path = "UniGB-UCS2-V"; sourceTree = "<group>"; };
		575F5F121E24F7720070E850 /* UniGB-UTF16-H */ = {isa = PBXFileReference; fileEncoding = 4; lastKnownFileType = text; path = "UniGB-UTF16-H"; sourceTree = "<group>"; };
		575F5F131E24F7720070E850 /* UniGB-UTF16-V */ = {isa = PBXFileReference; fileEncoding = 4; lastKnownFileType = text; path = "UniGB-UTF16-V"; sourceTree = "<group>"; };
		575F5F141E24F7720070E850 /* UniJIS-UCS2-H */ = {isa = PBXFileReference; fileEncoding = 4; lastKnownFileType = text; path = "UniJIS-UCS2-H"; sourceTree = "<group>"; };
		575F5F151E24F7720070E850 /* UniJIS-UCS2-HW-H */ = {isa = PBXFileReference; fileEncoding = 4; lastKnownFileType = text; path = "UniJIS-UCS2-HW-H"; sourceTree = "<group>"; };
		575F5F161E24F7720070E850 /* UniJIS-UCS2-HW-V */ = {isa = PBXFileReference; fileEncoding = 4; lastKnownFileType = text; path = "UniJIS-UCS2-HW-V"; sourceTree = "<group>"; };
		575F5F171E24F7720070E850 /* UniJIS-UCS2-V */ = {isa = PBXFileReference; fileEncoding = 4; lastKnownFileType = text; path = "UniJIS-UCS2-V"; sourceTree = "<group>"; };
		575F5F181E24F7720070E850 /* UniJIS-UTF16-H */ = {isa = PBXFileReference; fileEncoding = 4; lastKnownFileType = text; path = "UniJIS-UTF16-H"; sourceTree = "<group>"; };
		575F5F191E24F7720070E850 /* UniJIS-UTF16-V */ = {isa = PBXFileReference; fileEncoding = 4; lastKnownFileType = text; path = "UniJIS-UTF16-V"; sourceTree = "<group>"; };
		575F5F1A1E24F7720070E850 /* UniKS-UCS2-H */ = {isa = PBXFileReference; fileEncoding = 4; lastKnownFileType = text; path = "UniKS-UCS2-H"; sourceTree = "<group>"; };
		575F5F1B1E24F7720070E850 /* UniKS-UCS2-V */ = {isa = PBXFileReference; fileEncoding = 4; lastKnownFileType = text; path = "UniKS-UCS2-V"; sourceTree = "<group>"; };
		575F5F1C1E24F7720070E850 /* UniKS-UTF16-H */ = {isa = PBXFileReference; fileEncoding = 4; lastKnownFileType = text; path = "UniKS-UTF16-H"; sourceTree = "<group>"; };
		575F5F1D1E24F7720070E850 /* UniKS-UTF16-V */ = {isa = PBXFileReference; fileEncoding = 4; lastKnownFileType = text; path = "UniKS-UTF16-V"; sourceTree = "<group>"; };
		575F5F1E1E24F7720070E850 /* V */ = {isa = PBXFileReference; fileEncoding = 4; lastKnownFileType = text; path = V; sourceTree = "<group>"; };
		575F5F1F1E24F7720070E850 /* TET_ios.framework */ = {isa = PBXFileReference; lastKnownFileType = wrapper.framework; path = TET_ios.framework; sourceTree = "<group>"; };
		575F5F781E24F78C0070E850 /* NSDictionary+JSONHelper.h */ = {isa = PBXFileReference; fileEncoding = 4; lastKnownFileType = sourcecode.c.h; path = "NSDictionary+JSONHelper.h"; sourceTree = "<group>"; };
		575F5F791E24F78C0070E850 /* NSDictionary+JSONHelper.m */ = {isa = PBXFileReference; fileEncoding = 4; lastKnownFileType = sourcecode.c.objc; path = "NSDictionary+JSONHelper.m"; sourceTree = "<group>"; };
		575F5F7A1E24F78C0070E850 /* UIColor+Extention.h */ = {isa = PBXFileReference; fileEncoding = 4; lastKnownFileType = sourcecode.c.h; path = "UIColor+Extention.h"; sourceTree = "<group>"; };
		575F5F7B1E24F78C0070E850 /* UIColor+Extention.m */ = {isa = PBXFileReference; fileEncoding = 4; lastKnownFileType = sourcecode.c.objc; path = "UIColor+Extention.m"; sourceTree = "<group>"; };
		575F5F7C1E24F78C0070E850 /* UIWebView+JS.h */ = {isa = PBXFileReference; fileEncoding = 4; lastKnownFileType = sourcecode.c.h; path = "UIWebView+JS.h"; sourceTree = "<group>"; };
		575F5F7D1E24F78C0070E850 /* UIWebView+JS.m */ = {isa = PBXFileReference; fileEncoding = 4; lastKnownFileType = sourcecode.c.objc; path = "UIWebView+JS.m"; sourceTree = "<group>"; };
		575F5F821E24F7CC0070E850 /* DataCenter.h */ = {isa = PBXFileReference; fileEncoding = 4; lastKnownFileType = sourcecode.c.h; path = DataCenter.h; sourceTree = "<group>"; };
		575F5F831E24F7CC0070E850 /* DataCenter.m */ = {isa = PBXFileReference; fileEncoding = 4; lastKnownFileType = sourcecode.c.objc; path = DataCenter.m; sourceTree = "<group>"; };
		575F5F851E24F7CC0070E850 /* FMDBKeyValueTable.h */ = {isa = PBXFileReference; fileEncoding = 4; lastKnownFileType = sourcecode.c.h; path = FMDBKeyValueTable.h; sourceTree = "<group>"; };
		575F5F861E24F7CC0070E850 /* FMDBKeyValueTable.m */ = {isa = PBXFileReference; fileEncoding = 4; lastKnownFileType = sourcecode.c.objc; path = FMDBKeyValueTable.m; sourceTree = "<group>"; };
		575F5F871E24F7CC0070E850 /* FMDBManager.h */ = {isa = PBXFileReference; fileEncoding = 4; lastKnownFileType = sourcecode.c.h; path = FMDBManager.h; sourceTree = "<group>"; };
		575F5F881E24F7CC0070E850 /* FMDBManager.m */ = {isa = PBXFileReference; fileEncoding = 4; lastKnownFileType = sourcecode.c.objc; path = FMDBManager.m; sourceTree = "<group>"; };
		5797A8A01E20F27600F0BE38 /* EnglishReader.app */ = {isa = PBXFileReference; explicitFileType = wrapper.application; includeInIndex = 0; path = EnglishReader.app; sourceTree = BUILT_PRODUCTS_DIR; };
		5797A8A41E20F27600F0BE38 /* main.m */ = {isa = PBXFileReference; lastKnownFileType = sourcecode.c.objc; path = main.m; sourceTree = "<group>"; };
		5797A8A61E20F27600F0BE38 /* AppDelegate.h */ = {isa = PBXFileReference; lastKnownFileType = sourcecode.c.h; path = AppDelegate.h; sourceTree = "<group>"; };
		5797A8A71E20F27600F0BE38 /* AppDelegate.m */ = {isa = PBXFileReference; lastKnownFileType = sourcecode.c.objc; path = AppDelegate.m; sourceTree = "<group>"; };
		5797A8AF1E20F27600F0BE38 /* Assets.xcassets */ = {isa = PBXFileReference; lastKnownFileType = folder.assetcatalog; path = Assets.xcassets; sourceTree = "<group>"; };
		5797A8B21E20F27600F0BE38 /* Base */ = {isa = PBXFileReference; lastKnownFileType = file.storyboard; name = Base; path = Base.lproj/LaunchScreen.storyboard; sourceTree = "<group>"; };
		5797A8B41E20F27600F0BE38 /* Info.plist */ = {isa = PBXFileReference; lastKnownFileType = text.plist.xml; path = Info.plist; sourceTree = "<group>"; };
		5797A8B91E20F27600F0BE38 /* EnglishReaderTests.xctest */ = {isa = PBXFileReference; explicitFileType = wrapper.cfbundle; includeInIndex = 0; path = EnglishReaderTests.xctest; sourceTree = BUILT_PRODUCTS_DIR; };
		5797A8BD1E20F27600F0BE38 /* EnglishReaderTests.m */ = {isa = PBXFileReference; lastKnownFileType = sourcecode.c.objc; path = EnglishReaderTests.m; sourceTree = "<group>"; };
		5797A8BF1E20F27600F0BE38 /* Info.plist */ = {isa = PBXFileReference; lastKnownFileType = text.plist.xml; path = Info.plist; sourceTree = "<group>"; };
		5797A8C41E20F27600F0BE38 /* EnglishReaderUITests.xctest */ = {isa = PBXFileReference; explicitFileType = wrapper.cfbundle; includeInIndex = 0; path = EnglishReaderUITests.xctest; sourceTree = BUILT_PRODUCTS_DIR; };
		5797A8C81E20F27600F0BE38 /* EnglishReaderUITests.m */ = {isa = PBXFileReference; lastKnownFileType = sourcecode.c.objc; path = EnglishReaderUITests.m; sourceTree = "<group>"; };
		5797A8CA1E20F27600F0BE38 /* Info.plist */ = {isa = PBXFileReference; lastKnownFileType = text.plist.xml; path = Info.plist; sourceTree = "<group>"; };
		5797A8EC1E210B9000F0BE38 /* ArticleHelper.h */ = {isa = PBXFileReference; fileEncoding = 4; lastKnownFileType = sourcecode.c.h; path = ArticleHelper.h; sourceTree = "<group>"; };
		5797A8ED1E210B9000F0BE38 /* ArticleHelper.m */ = {isa = PBXFileReference; fileEncoding = 4; lastKnownFileType = sourcecode.c.objc; path = ArticleHelper.m; sourceTree = "<group>"; };
		BD374FCE2CF2E483B21E9921 /* Pods-EnglishReader.debug.xcconfig */ = {isa = PBXFileReference; includeInIndex = 1; lastKnownFileType = text.xcconfig; name = "Pods-EnglishReader.debug.xcconfig"; path = "Pods/Target Support Files/Pods-EnglishReader/Pods-EnglishReader.debug.xcconfig"; sourceTree = "<group>"; };
		F39FB3324EE27FE9200B804C /* libPods-EnglishReader.a */ = {isa = PBXFileReference; explicitFileType = archive.ar; includeInIndex = 0; path = "libPods-EnglishReader.a"; sourceTree = BUILT_PRODUCTS_DIR; };
/* End PBXFileReference section */

/* Begin PBXFrameworksBuildPhase section */
		5797A89D1E20F27600F0BE38 /* Frameworks */ = {
			isa = PBXFrameworksBuildPhase;
			buildActionMask = 2147483647;
			files = (
				57180EDC1E235D6C00FFD097 /* CoreGraphics.framework in Frameworks */,
				57119F661E22413E00B929EB /* CoreText.framework in Frameworks */,
				575F5F761E24F7720070E850 /* TET_ios.framework in Frameworks */,
				5D3330FFF71202D99C8AA74E /* libPods-EnglishReader.a in Frameworks */,
			);
			runOnlyForDeploymentPostprocessing = 0;
		};
		5797A8B61E20F27600F0BE38 /* Frameworks */ = {
			isa = PBXFrameworksBuildPhase;
			buildActionMask = 2147483647;
			files = (
			);
			runOnlyForDeploymentPostprocessing = 0;
		};
		5797A8C11E20F27600F0BE38 /* Frameworks */ = {
			isa = PBXFrameworksBuildPhase;
			buildActionMask = 2147483647;
			files = (
			);
			runOnlyForDeploymentPostprocessing = 0;
		};
/* End PBXFrameworksBuildPhase section */

/* Begin PBXGroup section */
		525E360D280EE89A8ADFE36D /* Pods */ = {
			isa = PBXGroup;
			children = (
				BD374FCE2CF2E483B21E9921 /* Pods-EnglishReader.debug.xcconfig */,
				0C00EBF68E03656A2F86647F /* Pods-EnglishReader.release.xcconfig */,
			);
			name = Pods;
			sourceTree = "<group>";
		};
		570878011E226618004D3AD5 /* Images */ = {
			isa = PBXGroup;
			children = (
				570878021E226618004D3AD5 /* paper_1.jpg */,
				570878031E226618004D3AD5 /* paper_2.jpg */,
				570878041E226618004D3AD5 /* paper_3.jpg */,
				570878051E226618004D3AD5 /* paper_4.jpg */,
			);
			path = Images;
			sourceTree = "<group>";
		};
		57119F3B1E220E1900B929EB /* Common */ = {
			isa = PBXGroup;
			children = (
				57119F3D1E220E5200B929EB /* DefineKeys.h */,
			);
			path = Common;
			sourceTree = "<group>";
		};
		57119F3E1E220ECA00B929EB /* Networking */ = {
			isa = PBXGroup;
			children = (
				57119F3F1E220F3A00B929EB /* APIManager.h */,
				57119F401E220F3A00B929EB /* APIManager.m */,
				57119F421E220F9100B929EB /* APIManagerProtocol.h */,
			);
			path = Networking;
			sourceTree = "<group>";
		};
		575F5E6E1E249F350070E850 /* UIManager */ = {
			isa = PBXGroup;
			children = (
				575F5E6F1E249F870070E850 /* UIManager.h */,
				575F5E701E249F870070E850 /* UIManager.m */,
			);
			path = UIManager;
			sourceTree = "<group>";
		};
		575F5E861E24F6A70070E850 /* APPFunction */ = {
			isa = PBXGroup;
			children = (
				575F5E871E24F6A70070E850 /* ArticleDetail */,
				575F5E971E24F6A70070E850 /* DocumentList */,
				575F5EA11E24F6A70070E850 /* Mine */,
				575F5EA51E24F6A70070E850 /* RootMain */,
				575F5EAC1E24F6A70070E850 /* Setting */,
				575F5EB01E24F6A70070E850 /* WordList */,
			);
			path = APPFunction;
			sourceTree = "<group>";
		};
		575F5E871E24F6A70070E850 /* ArticleDetail */ = {
			isa = PBXGroup;
			children = (
				575F5E881E24F6A70070E850 /* Controllers */,
				575F5E8B1E24F6A70070E850 /* Views */,
			);
			path = ArticleDetail;
			sourceTree = "<group>";
		};
		575F5E881E24F6A70070E850 /* Controllers */ = {
			isa = PBXGroup;
			children = (
				575F5E891E24F6A70070E850 /* ArticleDetailViewController.h */,
				575F5E8A1E24F6A70070E850 /* ArticleDetailViewController.m */,
			);
			path = Controllers;
			sourceTree = "<group>";
		};
		575F5E8B1E24F6A70070E850 /* Views */ = {
			isa = PBXGroup;
			children = (
				575F5E8C1E24F6A70070E850 /* ArticleTextView.h */,
				575F5E8D1E24F6A70070E850 /* ArticleTextView.m */,
				575F5E8E1E24F6A70070E850 /* InterpreterContentViewProtocol.h */,
				575F5E8F1E24F6A70070E850 /* InterpreterView.h */,
				575F5E901E24F6A70070E850 /* InterpreterView.m */,
				575F5E911E24F6A70070E850 /* InterpreterViewHeaderView.h */,
				575F5E921E24F6A70070E850 /* InterpreterViewHeaderView.m */,
				575F5E931E24F6A70070E850 /* InterpreterViewLocal.h */,
				575F5E941E24F6A70070E850 /* InterpreterViewLocal.m */,
				575F5E951E24F6A70070E850 /* InterpreterViewNetwork.h */,
				575F5E961E24F6A70070E850 /* InterpreterViewNetwork.m */,
			);
			path = Views;
			sourceTree = "<group>";
		};
		575F5E971E24F6A70070E850 /* DocumentList */ = {
			isa = PBXGroup;
			children = (
				575F5E981E24F6A70070E850 /* Controllers */,
				575F5E9B1E24F6A70070E850 /* DataSource */,
				575F5E9E1E24F6A70070E850 /* Views */,
			);
			path = DocumentList;
			sourceTree = "<group>";
		};
		575F5E981E24F6A70070E850 /* Controllers */ = {
			isa = PBXGroup;
			children = (
				575F5E991E24F6A70070E850 /* DocumentListViewController.h */,
				575F5E9A1E24F6A70070E850 /* DocumentListViewController.m */,
			);
			path = Controllers;
			sourceTree = "<group>";
		};
		575F5E9B1E24F6A70070E850 /* DataSource */ = {
			isa = PBXGroup;
			children = (
				575F5E9C1E24F6A70070E850 /* DocumentListDataSource.h */,
				575F5E9D1E24F6A70070E850 /* DocumentListDataSource.m */,
			);
			path = DataSource;
			sourceTree = "<group>";
		};
		575F5E9E1E24F6A70070E850 /* Views */ = {
			isa = PBXGroup;
			children = (
				575F5E9F1E24F6A70070E850 /* DocumentListCell.h */,
				575F5EA01E24F6A70070E850 /* DocumentListCell.m */,
			);
			path = Views;
			sourceTree = "<group>";
		};
		575F5EA11E24F6A70070E850 /* Mine */ = {
			isa = PBXGroup;
			children = (
				575F5EA21E24F6A70070E850 /* Controllers */,
			);
			path = Mine;
			sourceTree = "<group>";
		};
		575F5EA21E24F6A70070E850 /* Controllers */ = {
			isa = PBXGroup;
			children = (
				575F5EA31E24F6A70070E850 /* MineViewController.h */,
				575F5EA41E24F6A70070E850 /* MineViewController.m */,
			);
			path = Controllers;
			sourceTree = "<group>";
		};
		575F5EA51E24F6A70070E850 /* RootMain */ = {
			isa = PBXGroup;
			children = (
				575F5EA61E24F6A70070E850 /* MainTabBarController.h */,
				575F5EA71E24F6A70070E850 /* MainTabBarController.m */,
				575F5EA81E24F6A70070E850 /* MainViewController.h */,
				575F5EA91E24F6A70070E850 /* MainViewController.m */,
				575F5EAA1E24F6A70070E850 /* RootNavigationController.h */,
				575F5EAB1E24F6A70070E850 /* RootNavigationController.m */,
			);
			path = RootMain;
			sourceTree = "<group>";
		};
		575F5EAC1E24F6A70070E850 /* Setting */ = {
			isa = PBXGroup;
			children = (
				575F5EAD1E24F6A70070E850 /* Controllers */,
			);
			path = Setting;
			sourceTree = "<group>";
		};
		575F5EAD1E24F6A70070E850 /* Controllers */ = {
			isa = PBXGroup;
			children = (
				575F5EAE1E24F6A70070E850 /* SettingViewController.h */,
				575F5EAF1E24F6A70070E850 /* SettingViewController.m */,
			);
			path = Controllers;
			sourceTree = "<group>";
		};
		575F5EB01E24F6A70070E850 /* WordList */ = {
			isa = PBXGroup;
			children = (
				575F5EB11E24F6A70070E850 /* Controllers */,
				575F5EB41E24F6A70070E850 /* Models */,
			);
			path = WordList;
			sourceTree = "<group>";
		};
		575F5EB11E24F6A70070E850 /* Controllers */ = {
			isa = PBXGroup;
			children = (
				575F5EB21E24F6A70070E850 /* WordListViewController.h */,
				575F5EB31E24F6A70070E850 /* WordListViewController.m */,
			);
			path = Controllers;
			sourceTree = "<group>";
		};
		575F5EB41E24F6A70070E850 /* Models */ = {
			isa = PBXGroup;
			children = (
				575F5EB51E24F6A70070E850 /* WordModel.h */,
				575F5EB61E24F6A70070E850 /* WordModel.m */,
			);
			path = Models;
			sourceTree = "<group>";
		};
		575F5EC71E24F7720070E850 /* ThirdLibs */ = {
			isa = PBXGroup;
			children = (
				575F5EC81E24F7720070E850 /* cmap */,
				575F5F1F1E24F7720070E850 /* TET_ios.framework */,
			);
			path = ThirdLibs;
			sourceTree = "<group>";
		};
		575F5EC81E24F7720070E850 /* cmap */ = {
			isa = PBXGroup;
			children = (
				575F5EC91E24F7720070E850 /* 83pv-RKSJ-H */,
				575F5ECA1E24F7720070E850 /* 90ms-RKSJ-H */,
				575F5ECB1E24F7720070E850 /* 90ms-RKSJ-UCS2 */,
				575F5ECC1E24F7720070E850 /* 90ms-RKSJ-V */,
				575F5ECD1E24F7720070E850 /* 90msp-RKSJ-H */,
				575F5ECE1E24F7720070E850 /* 90msp-RKSJ-V */,
				575F5ECF1E24F7720070E850 /* 90pv-RKSJ-H */,
				575F5ED01E24F7720070E850 /* 90pv-RKSJ-UCS2 */,
				575F5ED11E24F7720070E850 /* 90pv-RKSJ-UCS2C */,
				575F5ED21E24F7720070E850 /* Add-RKSJ-H */,
				575F5ED31E24F7720070E850 /* Add-RKSJ-V */,
				575F5ED41E24F7720070E850 /* Adobe-CNS1-6 */,
				575F5ED51E24F7720070E850 /* Adobe-CNS1-UCS2 */,
				575F5ED61E24F7720070E850 /* Adobe-GB1-5 */,
				575F5ED71E24F7720070E850 /* Adobe-GB1-UCS2 */,
				575F5ED81E24F7720070E850 /* Adobe-Japan1-6 */,
				575F5ED91E24F7720070E850 /* Adobe-Japan1-UCS2 */,
				575F5EDA1E24F7720070E850 /* Adobe-Korea1-2 */,
				575F5EDB1E24F7720070E850 /* Adobe-Korea1-UCS2 */,
				575F5EDC1E24F7720070E850 /* B5pc-H */,
				575F5EDD1E24F7720070E850 /* B5pc-UCS2 */,
				575F5EDE1E24F7720070E850 /* B5pc-UCS2C */,
				575F5EDF1E24F7720070E850 /* B5pc-V */,
				575F5EE01E24F7720070E850 /* CNS-EUC-H */,
				575F5EE11E24F7720070E850 /* CNS-EUC-V */,
				575F5EE21E24F7720070E850 /* cp932.txt */,
				575F5EE31E24F7720070E850 /* cp936.txt */,
				575F5EE41E24F7720070E850 /* cp949.txt */,
				575F5EE51E24F7720070E850 /* cp950.txt */,
				575F5EE61E24F7720070E850 /* ETen-B5-H */,
				575F5EE71E24F7720070E850 /* ETen-B5-UCS2 */,
				575F5EE81E24F7720070E850 /* ETen-B5-V */,
				575F5EE91E24F7720070E850 /* ETenms-B5-H */,
				575F5EEA1E24F7720070E850 /* ETenms-B5-V */,
				575F5EEB1E24F7720070E850 /* EUC-H */,
				575F5EEC1E24F7720070E850 /* EUC-V */,
				575F5EED1E24F7720070E850 /* Ext-RKSJ-H */,
				575F5EEE1E24F7720070E850 /* Ext-RKSJ-V */,
				575F5EEF1E24F7720070E850 /* GB-EUC-H */,
				575F5EF01E24F7720070E850 /* GB-EUC-V */,
				575F5EF11E24F7720070E850 /* GBK-EUC-H */,
				575F5EF21E24F7720070E850 /* GBK-EUC-UCS2 */,
				575F5EF31E24F7720070E850 /* GBK-EUC-V */,
				575F5EF41E24F7720070E850 /* GBK2K-H */,
				575F5EF51E24F7720070E850 /* GBK2K-V */,
				575F5EF61E24F7720070E850 /* GBKp-EUC-H */,
				575F5EF71E24F7720070E850 /* GBKp-EUC-V */,
				575F5EF81E24F7720070E850 /* GBpc-EUC-H */,
				575F5EF91E24F7720070E850 /* GBpc-EUC-UCS2 */,
				575F5EFA1E24F7720070E850 /* GBpc-EUC-UCS2C */,
				575F5EFB1E24F7720070E850 /* GBpc-EUC-V */,
				575F5EFC1E24F7720070E850 /* GBT-EUC-H */,
				575F5EFD1E24F7720070E850 /* GBT-EUC-V */,
				575F5EFE1E24F7720070E850 /* H */,
				575F5EFF1E24F7720070E850 /* HKscs-B5-H */,
				575F5F001E24F7720070E850 /* HKscs-B5-V */,
				575F5F011E24F7720070E850 /* KSC-EUC-H */,
				575F5F021E24F7720070E850 /* KSC-EUC-V */,
				575F5F031E24F7720070E850 /* KSCms-UHC-H */,
				575F5F041E24F7720070E850 /* KSCms-UHC-HW-H */,
				575F5F051E24F7720070E850 /* KSCms-UHC-HW-V */,
				575F5F061E24F7720070E850 /* KSCms-UHC-UCS2 */,
				575F5F071E24F7720070E850 /* KSCms-UHC-V */,
				575F5F081E24F7720070E850 /* KSCpc-EUC-H */,
				575F5F091E24F7720070E850 /* KSCpc-EUC-UCS2 */,
				575F5F0A1E24F7720070E850 /* KSCpc-EUC-UCS2C */,
				575F5F0B1E24F7720070E850 /* KSCpc-EUC-V */,
				575F5F0C1E24F7720070E850 /* UniCNS-UCS2-H */,
				575F5F0D1E24F7720070E850 /* UniCNS-UCS2-V */,
				575F5F0E1E24F7720070E850 /* UniCNS-UTF16-H */,
				575F5F0F1E24F7720070E850 /* UniCNS-UTF16-V */,
				575F5F101E24F7720070E850 /* UniGB-UCS2-H */,
				575F5F111E24F7720070E850 /* UniGB-UCS2-V */,
				575F5F121E24F7720070E850 /* UniGB-UTF16-H */,
				575F5F131E24F7720070E850 /* UniGB-UTF16-V */,
				575F5F141E24F7720070E850 /* UniJIS-UCS2-H */,
				575F5F151E24F7720070E850 /* UniJIS-UCS2-HW-H */,
				575F5F161E24F7720070E850 /* UniJIS-UCS2-HW-V */,
				575F5F171E24F7720070E850 /* UniJIS-UCS2-V */,
				575F5F181E24F7720070E850 /* UniJIS-UTF16-H */,
				575F5F191E24F7720070E850 /* UniJIS-UTF16-V */,
				575F5F1A1E24F7720070E850 /* UniKS-UCS2-H */,
				575F5F1B1E24F7720070E850 /* UniKS-UCS2-V */,
				575F5F1C1E24F7720070E850 /* UniKS-UTF16-H */,
				575F5F1D1E24F7720070E850 /* UniKS-UTF16-V */,
				575F5F1E1E24F7720070E850 /* V */,
			);
			path = cmap;
			sourceTree = "<group>";
		};
		575F5F771E24F78C0070E850 /* Categorys */ = {
			isa = PBXGroup;
			children = (
				575F5F781E24F78C0070E850 /* NSDictionary+JSONHelper.h */,
				575F5F791E24F78C0070E850 /* NSDictionary+JSONHelper.m */,
				575F5F7A1E24F78C0070E850 /* UIColor+Extention.h */,
				575F5F7B1E24F78C0070E850 /* UIColor+Extention.m */,
				575F5F7C1E24F78C0070E850 /* UIWebView+JS.h */,
				575F5F7D1E24F78C0070E850 /* UIWebView+JS.m */,
			);
			path = Categorys;
			sourceTree = "<group>";
		};
		575F5F811E24F7CC0070E850 /* FMDBUtility */ = {
			isa = PBXGroup;
			children = (
				575F5F821E24F7CC0070E850 /* DataCenter.h */,
				575F5F831E24F7CC0070E850 /* DataCenter.m */,
				575F5F851E24F7CC0070E850 /* FMDBKeyValueTable.h */,
				575F5F861E24F7CC0070E850 /* FMDBKeyValueTable.m */,
				575F5F871E24F7CC0070E850 /* FMDBManager.h */,
				575F5F881E24F7CC0070E850 /* FMDBManager.m */,
			);
			path = FMDBUtility;
			sourceTree = "<group>";
		};
		5797A8971E20F27500F0BE38 = {
			isa = PBXGroup;
			children = (
				5797A8A21E20F27600F0BE38 /* EnglishReader */,
				5797A8BC1E20F27600F0BE38 /* EnglishReaderTests */,
				5797A8C71E20F27600F0BE38 /* EnglishReaderUITests */,
				5797A8A11E20F27600F0BE38 /* Products */,
				525E360D280EE89A8ADFE36D /* Pods */,
				CB982E37F391EA695AF47250 /* Frameworks */,
			);
			sourceTree = "<group>";
		};
		5797A8A11E20F27600F0BE38 /* Products */ = {
			isa = PBXGroup;
			children = (
				5797A8A01E20F27600F0BE38 /* EnglishReader.app */,
				5797A8B91E20F27600F0BE38 /* EnglishReaderTests.xctest */,
				5797A8C41E20F27600F0BE38 /* EnglishReaderUITests.xctest */,
			);
			name = Products;
			sourceTree = "<group>";
		};
		5797A8A21E20F27600F0BE38 /* EnglishReader */ = {
			isa = PBXGroup;
			children = (
				575F5F771E24F78C0070E850 /* Categorys */,
				575F5EC71E24F7720070E850 /* ThirdLibs */,
				575F5E861E24F6A70070E850 /* APPFunction */,
				575F5E6E1E249F350070E850 /* UIManager */,
				570878011E226618004D3AD5 /* Images */,
				57119F3E1E220ECA00B929EB /* Networking */,
				57119F3B1E220E1900B929EB /* Common */,
				5797A8EB1E210B7A00F0BE38 /* Utility */,
				5797A8A61E20F27600F0BE38 /* AppDelegate.h */,
				5797A8A71E20F27600F0BE38 /* AppDelegate.m */,
				5797A8AF1E20F27600F0BE38 /* Assets.xcassets */,
				5797A8B11E20F27600F0BE38 /* LaunchScreen.storyboard */,
				5797A8B41E20F27600F0BE38 /* Info.plist */,
				5797A8A31E20F27600F0BE38 /* Supporting Files */,
			);
			path = EnglishReader;
			sourceTree = "<group>";
		};
		5797A8A31E20F27600F0BE38 /* Supporting Files */ = {
			isa = PBXGroup;
			children = (
				5797A8A41E20F27600F0BE38 /* main.m */,
			);
			name = "Supporting Files";
			sourceTree = "<group>";
		};
		5797A8BC1E20F27600F0BE38 /* EnglishReaderTests */ = {
			isa = PBXGroup;
			children = (
				5797A8BD1E20F27600F0BE38 /* EnglishReaderTests.m */,
				5797A8BF1E20F27600F0BE38 /* Info.plist */,
			);
			path = EnglishReaderTests;
			sourceTree = "<group>";
		};
		5797A8C71E20F27600F0BE38 /* EnglishReaderUITests */ = {
			isa = PBXGroup;
			children = (
				5797A8C81E20F27600F0BE38 /* EnglishReaderUITests.m */,
				5797A8CA1E20F27600F0BE38 /* Info.plist */,
			);
			path = EnglishReaderUITests;
			sourceTree = "<group>";
		};
		5797A8EB1E210B7A00F0BE38 /* Utility */ = {
			isa = PBXGroup;
			children = (
				575F5F811E24F7CC0070E850 /* FMDBUtility */,
				5797A8EC1E210B9000F0BE38 /* ArticleHelper.h */,
				5797A8ED1E210B9000F0BE38 /* ArticleHelper.m */,
				570DC5681E23B33A00E24D1D /* FileManager.h */,
				570DC5691E23B33A00E24D1D /* FileManager.m */,
			);
			path = Utility;
			sourceTree = "<group>";
		};
		CB982E37F391EA695AF47250 /* Frameworks */ = {
			isa = PBXGroup;
			children = (
				57180EDB1E235D6C00FFD097 /* CoreGraphics.framework */,
				57119F651E22413E00B929EB /* CoreText.framework */,
				F39FB3324EE27FE9200B804C /* libPods-EnglishReader.a */,
			);
			name = Frameworks;
			sourceTree = "<group>";
		};
/* End PBXGroup section */

/* Begin PBXNativeTarget section */
		5797A89F1E20F27600F0BE38 /* EnglishReader */ = {
			isa = PBXNativeTarget;
			buildConfigurationList = 5797A8CD1E20F27600F0BE38 /* Build configuration list for PBXNativeTarget "EnglishReader" */;
			buildPhases = (
				293AC4D135501DB85C6F4315 /* [CP] Check Pods Manifest.lock */,
				5797A89C1E20F27600F0BE38 /* Sources */,
				5797A89D1E20F27600F0BE38 /* Frameworks */,
				5797A89E1E20F27600F0BE38 /* Resources */,
				7BB851737B5A65FE82C11523 /* [CP] Embed Pods Frameworks */,
				D2805AFCD9298B4EA893470E /* [CP] Copy Pods Resources */,
			);
			buildRules = (
			);
			dependencies = (
			);
			name = EnglishReader;
			productName = EnglishReader;
			productReference = 5797A8A01E20F27600F0BE38 /* EnglishReader.app */;
			productType = "com.apple.product-type.application";
		};
		5797A8B81E20F27600F0BE38 /* EnglishReaderTests */ = {
			isa = PBXNativeTarget;
			buildConfigurationList = 5797A8D01E20F27600F0BE38 /* Build configuration list for PBXNativeTarget "EnglishReaderTests" */;
			buildPhases = (
				5797A8B51E20F27600F0BE38 /* Sources */,
				5797A8B61E20F27600F0BE38 /* Frameworks */,
				5797A8B71E20F27600F0BE38 /* Resources */,
			);
			buildRules = (
			);
			dependencies = (
				5797A8BB1E20F27600F0BE38 /* PBXTargetDependency */,
			);
			name = EnglishReaderTests;
			productName = EnglishReaderTests;
			productReference = 5797A8B91E20F27600F0BE38 /* EnglishReaderTests.xctest */;
			productType = "com.apple.product-type.bundle.unit-test";
		};
		5797A8C31E20F27600F0BE38 /* EnglishReaderUITests */ = {
			isa = PBXNativeTarget;
			buildConfigurationList = 5797A8D31E20F27600F0BE38 /* Build configuration list for PBXNativeTarget "EnglishReaderUITests" */;
			buildPhases = (
				5797A8C01E20F27600F0BE38 /* Sources */,
				5797A8C11E20F27600F0BE38 /* Frameworks */,
				5797A8C21E20F27600F0BE38 /* Resources */,
			);
			buildRules = (
			);
			dependencies = (
				5797A8C61E20F27600F0BE38 /* PBXTargetDependency */,
			);
			name = EnglishReaderUITests;
			productName = EnglishReaderUITests;
			productReference = 5797A8C41E20F27600F0BE38 /* EnglishReaderUITests.xctest */;
			productType = "com.apple.product-type.bundle.ui-testing";
		};
/* End PBXNativeTarget section */

/* Begin PBXProject section */
		5797A8981E20F27600F0BE38 /* Project object */ = {
			isa = PBXProject;
			attributes = {
				LastUpgradeCheck = 0820;
				ORGANIZATIONNAME = LFC;
				TargetAttributes = {
					5797A89F1E20F27600F0BE38 = {
						CreatedOnToolsVersion = 8.2;
						DevelopmentTeam = L68238BU67;
						ProvisioningStyle = Automatic;
					};
					5797A8B81E20F27600F0BE38 = {
						CreatedOnToolsVersion = 8.2;
						ProvisioningStyle = Automatic;
						TestTargetID = 5797A89F1E20F27600F0BE38;
					};
					5797A8C31E20F27600F0BE38 = {
						CreatedOnToolsVersion = 8.2;
						ProvisioningStyle = Automatic;
						TestTargetID = 5797A89F1E20F27600F0BE38;
					};
				};
			};
			buildConfigurationList = 5797A89B1E20F27600F0BE38 /* Build configuration list for PBXProject "EnglishReader" */;
			compatibilityVersion = "Xcode 3.2";
			developmentRegion = English;
			hasScannedForEncodings = 0;
			knownRegions = (
				en,
				Base,
			);
			mainGroup = 5797A8971E20F27500F0BE38;
			productRefGroup = 5797A8A11E20F27600F0BE38 /* Products */;
			projectDirPath = "";
			projectRoot = "";
			targets = (
				5797A89F1E20F27600F0BE38 /* EnglishReader */,
				5797A8B81E20F27600F0BE38 /* EnglishReaderTests */,
				5797A8C31E20F27600F0BE38 /* EnglishReaderUITests */,
			);
		};
/* End PBXProject section */

/* Begin PBXResourcesBuildPhase section */
		5797A89E1E20F27600F0BE38 /* Resources */ = {
			isa = PBXResourcesBuildPhase;
			buildActionMask = 2147483647;
			files = (
				575F5F701E24F7720070E850 /* UniJIS-UTF16-V in Resources */,
				575F5F6F1E24F7720070E850 /* UniJIS-UTF16-H in Resources */,
				575F5F281E24F7720070E850 /* 90pv-RKSJ-UCS2C in Resources */,
				575F5F501E24F7720070E850 /* GBpc-EUC-UCS2 in Resources */,
				575F5F431E24F7720070E850 /* EUC-V in Resources */,
				575F5F3C1E24F7720070E850 /* cp950.txt in Resources */,
				575F5F2A1E24F7720070E850 /* Add-RKSJ-V in Resources */,
				575F5F2F1E24F7720070E850 /* Adobe-Japan1-6 in Resources */,
				575F5F5B1E24F7720070E850 /* KSCms-UHC-HW-H in Resources */,
				575F5F6B1E24F7720070E850 /* UniJIS-UCS2-H in Resources */,
				575F5F591E24F7720070E850 /* KSC-EUC-V in Resources */,
				575F5F4D1E24F7720070E850 /* GBKp-EUC-H in Resources */,
				575F5F721E24F7720070E850 /* UniKS-UCS2-V in Resources */,
				575F5F351E24F7720070E850 /* B5pc-UCS2C in Resources */,
				575F5F301E24F7720070E850 /* Adobe-Japan1-UCS2 in Resources */,
				575F5F3F1E24F7720070E850 /* ETen-B5-V in Resources */,
				575F5F291E24F7720070E850 /* Add-RKSJ-H in Resources */,
				575F5F571E24F7720070E850 /* HKscs-B5-V in Resources */,
				575F5F481E24F7720070E850 /* GBK-EUC-H in Resources */,
				575F5F241E24F7720070E850 /* 90msp-RKSJ-H in Resources */,
				575F5F5F1E24F7720070E850 /* KSCpc-EUC-H in Resources */,
				575F5F3D1E24F7720070E850 /* ETen-B5-H in Resources */,
				575F5F711E24F7720070E850 /* UniKS-UCS2-H in Resources */,
				5797A8B31E20F27600F0BE38 /* LaunchScreen.storyboard in Resources */,
				575F5F2C1E24F7720070E850 /* Adobe-CNS1-UCS2 in Resources */,
				575F5F5D1E24F7720070E850 /* KSCms-UHC-UCS2 in Resources */,
				575F5F251E24F7720070E850 /* 90msp-RKSJ-V in Resources */,
				575F5F461E24F7720070E850 /* GB-EUC-H in Resources */,
				575F5F361E24F7720070E850 /* B5pc-V in Resources */,
				575F5F621E24F7720070E850 /* KSCpc-EUC-V in Resources */,
				575F5F641E24F7720070E850 /* UniCNS-UCS2-V in Resources */,
				575F5F2E1E24F7720070E850 /* Adobe-GB1-UCS2 in Resources */,
				575F5F231E24F7720070E850 /* 90ms-RKSJ-V in Resources */,
				575F5F5C1E24F7720070E850 /* KSCms-UHC-HW-V in Resources */,
				570878061E226618004D3AD5 /* paper_1.jpg in Resources */,
				570878071E226618004D3AD5 /* paper_2.jpg in Resources */,
				575F5F3B1E24F7720070E850 /* cp949.txt in Resources */,
				575F5F421E24F7720070E850 /* EUC-H in Resources */,
				575F5F741E24F7720070E850 /* UniKS-UTF16-V in Resources */,
				575F5F601E24F7720070E850 /* KSCpc-EUC-UCS2 in Resources */,
				575F5F261E24F7720070E850 /* 90pv-RKSJ-H in Resources */,
				575F5F681E24F7720070E850 /* UniGB-UCS2-V in Resources */,
				575F5F531E24F7720070E850 /* GBT-EUC-H in Resources */,
				575F5F581E24F7720070E850 /* KSC-EUC-H in Resources */,
				575F5F271E24F7720070E850 /* 90pv-RKSJ-UCS2 in Resources */,
				575F5F6D1E24F7720070E850 /* UniJIS-UCS2-HW-V in Resources */,
				575F5F411E24F7720070E850 /* ETenms-B5-V in Resources */,
				575F5F541E24F7720070E850 /* GBT-EUC-V in Resources */,
				570878081E226618004D3AD5 /* paper_3.jpg in Resources */,
				575F5F4F1E24F7720070E850 /* GBpc-EUC-H in Resources */,
				575F5F4E1E24F7720070E850 /* GBKp-EUC-V in Resources */,
				575F5F341E24F7720070E850 /* B5pc-UCS2 in Resources */,
				575F5F5E1E24F7720070E850 /* KSCms-UHC-V in Resources */,
				570878091E226618004D3AD5 /* paper_4.jpg in Resources */,
				575F5F381E24F7720070E850 /* CNS-EUC-V in Resources */,
				575F5F4A1E24F7720070E850 /* GBK-EUC-V in Resources */,
				575F5F391E24F7720070E850 /* cp932.txt in Resources */,
				575F5F4C1E24F7720070E850 /* GBK2K-V in Resources */,
				575F5F511E24F7720070E850 /* GBpc-EUC-UCS2C in Resources */,
				575F5F561E24F7720070E850 /* HKscs-B5-H in Resources */,
				575F5F2D1E24F7720070E850 /* Adobe-GB1-5 in Resources */,
				575F5F221E24F7720070E850 /* 90ms-RKSJ-UCS2 in Resources */,
				575F5F6C1E24F7720070E850 /* UniJIS-UCS2-HW-H in Resources */,
				575F5F491E24F7720070E850 /* GBK-EUC-UCS2 in Resources */,
				575F5F2B1E24F7720070E850 /* Adobe-CNS1-6 in Resources */,
				575F5F3E1E24F7720070E850 /* ETen-B5-UCS2 in Resources */,
				5797A8B01E20F27600F0BE38 /* Assets.xcassets in Resources */,
				575F5F331E24F7720070E850 /* B5pc-H in Resources */,
				575F5F551E24F7720070E850 /* H in Resources */,
				575F5F631E24F7720070E850 /* UniCNS-UCS2-H in Resources */,
				575F5F471E24F7720070E850 /* GB-EUC-V in Resources */,
				575F5F5A1E24F7720070E850 /* KSCms-UHC-H in Resources */,
				575F5F751E24F7720070E850 /* V in Resources */,
				575F5F371E24F7720070E850 /* CNS-EUC-H in Resources */,
				575F5F311E24F7720070E850 /* Adobe-Korea1-2 in Resources */,
				575F5F611E24F7720070E850 /* KSCpc-EUC-UCS2C in Resources */,
				575F5F6E1E24F7720070E850 /* UniJIS-UCS2-V in Resources */,
				575F5F671E24F7720070E850 /* UniGB-UCS2-H in Resources */,
				575F5F651E24F7720070E850 /* UniCNS-UTF16-H in Resources */,
				575F5F451E24F7720070E850 /* Ext-RKSJ-V in Resources */,
				575F5F321E24F7720070E850 /* Adobe-Korea1-UCS2 in Resources */,
				575F5F211E24F7720070E850 /* 90ms-RKSJ-H in Resources */,
				575F5F4B1E24F7720070E850 /* GBK2K-H in Resources */,
				575F5F6A1E24F7720070E850 /* UniGB-UTF16-V in Resources */,
				575F5F401E24F7720070E850 /* ETenms-B5-H in Resources */,
				575F5F661E24F7720070E850 /* UniCNS-UTF16-V in Resources */,
				575F5F691E24F7720070E850 /* UniGB-UTF16-H in Resources */,
				575F5F521E24F7720070E850 /* GBpc-EUC-V in Resources */,
				575F5F441E24F7720070E850 /* Ext-RKSJ-H in Resources */,
				575F5F201E24F7720070E850 /* 83pv-RKSJ-H in Resources */,
				575F5F3A1E24F7720070E850 /* cp936.txt in Resources */,
				575F5F731E24F7720070E850 /* UniKS-UTF16-H in Resources */,
			);
			runOnlyForDeploymentPostprocessing = 0;
		};
		5797A8B71E20F27600F0BE38 /* Resources */ = {
			isa = PBXResourcesBuildPhase;
			buildActionMask = 2147483647;
			files = (
			);
			runOnlyForDeploymentPostprocessing = 0;
		};
		5797A8C21E20F27600F0BE38 /* Resources */ = {
			isa = PBXResourcesBuildPhase;
			buildActionMask = 2147483647;
			files = (
			);
			runOnlyForDeploymentPostprocessing = 0;
		};
/* End PBXResourcesBuildPhase section */

/* Begin PBXShellScriptBuildPhase section */
		293AC4D135501DB85C6F4315 /* [CP] Check Pods Manifest.lock */ = {
			isa = PBXShellScriptBuildPhase;
			buildActionMask = 2147483647;
			files = (
			);
			inputPaths = (
			);
			name = "[CP] Check Pods Manifest.lock";
			outputPaths = (
			);
			runOnlyForDeploymentPostprocessing = 0;
			shellPath = /bin/sh;
			shellScript = "diff \"${PODS_ROOT}/../Podfile.lock\" \"${PODS_ROOT}/Manifest.lock\" > /dev/null\nif [[ $? != 0 ]] ; then\n    cat << EOM\nerror: The sandbox is not in sync with the Podfile.lock. Run 'pod install' or update your CocoaPods installation.\nEOM\n    exit 1\nfi\n";
			showEnvVarsInLog = 0;
		};
		7BB851737B5A65FE82C11523 /* [CP] Embed Pods Frameworks */ = {
			isa = PBXShellScriptBuildPhase;
			buildActionMask = 2147483647;
			files = (
			);
			inputPaths = (
			);
			name = "[CP] Embed Pods Frameworks";
			outputPaths = (
			);
			runOnlyForDeploymentPostprocessing = 0;
			shellPath = /bin/sh;
			shellScript = "\"${SRCROOT}/Pods/Target Support Files/Pods-EnglishReader/Pods-EnglishReader-frameworks.sh\"\n";
			showEnvVarsInLog = 0;
		};
		D2805AFCD9298B4EA893470E /* [CP] Copy Pods Resources */ = {
			isa = PBXShellScriptBuildPhase;
			buildActionMask = 2147483647;
			files = (
			);
			inputPaths = (
			);
			name = "[CP] Copy Pods Resources";
			outputPaths = (
			);
			runOnlyForDeploymentPostprocessing = 0;
			shellPath = /bin/sh;
			shellScript = "\"${SRCROOT}/Pods/Target Support Files/Pods-EnglishReader/Pods-EnglishReader-resources.sh\"\n";
			showEnvVarsInLog = 0;
		};
/* End PBXShellScriptBuildPhase section */

/* Begin PBXSourcesBuildPhase section */
		5797A89C1E20F27600F0BE38 /* Sources */ = {
			isa = PBXSourcesBuildPhase;
			buildActionMask = 2147483647;
			files = (
				575F5EBB1E24F6A70070E850 /* InterpreterViewLocal.m in Sources */,
				575F5EC51E24F6A70070E850 /* WordListViewController.m in Sources */,
				575F5EC61E24F6A70070E850 /* WordModel.m in Sources */,
				575F5EBC1E24F6A70070E850 /* InterpreterViewNetwork.m in Sources */,
				575F5F891E24F7CC0070E850 /* DataCenter.m in Sources */,
				575F5EBD1E24F6A70070E850 /* DocumentListViewController.m in Sources */,
				575F5EC01E24F6A70070E850 /* MineViewController.m in Sources */,
				575F5EBE1E24F6A70070E850 /* DocumentListDataSource.m in Sources */,
				5797A8EE1E210B9000F0BE38 /* ArticleHelper.m in Sources */,
				575F5F7F1E24F78C0070E850 /* UIColor+Extention.m in Sources */,
				575F5EB91E24F6A70070E850 /* InterpreterView.m in Sources */,
				575F5F801E24F78C0070E850 /* UIWebView+JS.m in Sources */,
				575F5F8B1E24F7CC0070E850 /* FMDBKeyValueTable.m in Sources */,
				575F5EC11E24F6A70070E850 /* MainTabBarController.m in Sources */,
				575F5EB71E24F6A70070E850 /* ArticleDetailViewController.m in Sources */,
				5797A8A81E20F27600F0BE38 /* AppDelegate.m in Sources */,
				57119F411E220F3A00B929EB /* APIManager.m in Sources */,
				575F5F8C1E24F7CC0070E850 /* FMDBManager.m in Sources */,
				575F5EC41E24F6A70070E850 /* SettingViewController.m in Sources */,
				575F5EBF1E24F6A70070E850 /* DocumentListCell.m in Sources */,
				575F5EBA1E24F6A70070E850 /* InterpreterViewHeaderView.m in Sources */,
				575F5E711E249F870070E850 /* UIManager.m in Sources */,
				575F5EC21E24F6A70070E850 /* MainViewController.m in Sources */,
				5797A8A51E20F27600F0BE38 /* main.m in Sources */,
				570DC56A1E23B33A00E24D1D /* FileManager.m in Sources */,
				575F5EB81E24F6A70070E850 /* ArticleTextView.m in Sources */,
				575F5F7E1E24F78C0070E850 /* NSDictionary+JSONHelper.m in Sources */,
				575F5EC31E24F6A70070E850 /* RootNavigationController.m in Sources */,
			);
			runOnlyForDeploymentPostprocessing = 0;
		};
		5797A8B51E20F27600F0BE38 /* Sources */ = {
			isa = PBXSourcesBuildPhase;
			buildActionMask = 2147483647;
			files = (
				5797A8BE1E20F27600F0BE38 /* EnglishReaderTests.m in Sources */,
			);
			runOnlyForDeploymentPostprocessing = 0;
		};
		5797A8C01E20F27600F0BE38 /* Sources */ = {
			isa = PBXSourcesBuildPhase;
			buildActionMask = 2147483647;
			files = (
				5797A8C91E20F27600F0BE38 /* EnglishReaderUITests.m in Sources */,
			);
			runOnlyForDeploymentPostprocessing = 0;
		};
/* End PBXSourcesBuildPhase section */

/* Begin PBXTargetDependency section */
		5797A8BB1E20F27600F0BE38 /* PBXTargetDependency */ = {
			isa = PBXTargetDependency;
			target = 5797A89F1E20F27600F0BE38 /* EnglishReader */;
			targetProxy = 5797A8BA1E20F27600F0BE38 /* PBXContainerItemProxy */;
		};
		5797A8C61E20F27600F0BE38 /* PBXTargetDependency */ = {
			isa = PBXTargetDependency;
			target = 5797A89F1E20F27600F0BE38 /* EnglishReader */;
			targetProxy = 5797A8C51E20F27600F0BE38 /* PBXContainerItemProxy */;
		};
/* End PBXTargetDependency section */

/* Begin PBXVariantGroup section */
		5797A8B11E20F27600F0BE38 /* LaunchScreen.storyboard */ = {
			isa = PBXVariantGroup;
			children = (
				5797A8B21E20F27600F0BE38 /* Base */,
			);
			name = LaunchScreen.storyboard;
			sourceTree = "<group>";
		};
/* End PBXVariantGroup section */

/* Begin XCBuildConfiguration section */
		5797A8CB1E20F27600F0BE38 /* Debug */ = {
			isa = XCBuildConfiguration;
			buildSettings = {
				ALWAYS_SEARCH_USER_PATHS = NO;
				CLANG_ANALYZER_NONNULL = YES;
				CLANG_CXX_LANGUAGE_STANDARD = "gnu++0x";
				CLANG_CXX_LIBRARY = "libc++";
				CLANG_ENABLE_MODULES = YES;
				CLANG_ENABLE_OBJC_ARC = YES;
				CLANG_WARN_BOOL_CONVERSION = YES;
				CLANG_WARN_CONSTANT_CONVERSION = YES;
				CLANG_WARN_DIRECT_OBJC_ISA_USAGE = YES_ERROR;
				CLANG_WARN_DOCUMENTATION_COMMENTS = YES;
				CLANG_WARN_EMPTY_BODY = YES;
				CLANG_WARN_ENUM_CONVERSION = YES;
				CLANG_WARN_INFINITE_RECURSION = YES;
				CLANG_WARN_INT_CONVERSION = YES;
				CLANG_WARN_OBJC_ROOT_CLASS = YES_ERROR;
				CLANG_WARN_SUSPICIOUS_MOVE = YES;
				CLANG_WARN_UNREACHABLE_CODE = YES;
				CLANG_WARN__DUPLICATE_METHOD_MATCH = YES;
				"CODE_SIGN_IDENTITY[sdk=iphoneos*]" = "iPhone Developer";
				COPY_PHASE_STRIP = NO;
				DEBUG_INFORMATION_FORMAT = dwarf;
				ENABLE_STRICT_OBJC_MSGSEND = YES;
				ENABLE_TESTABILITY = YES;
				GCC_C_LANGUAGE_STANDARD = gnu99;
				GCC_DYNAMIC_NO_PIC = NO;
				GCC_NO_COMMON_BLOCKS = YES;
				GCC_OPTIMIZATION_LEVEL = 0;
				GCC_PREPROCESSOR_DEFINITIONS = (
					"DEBUG=1",
					"$(inherited)",
				);
				GCC_WARN_64_TO_32_BIT_CONVERSION = YES;
				GCC_WARN_ABOUT_RETURN_TYPE = YES_ERROR;
				GCC_WARN_UNDECLARED_SELECTOR = YES;
				GCC_WARN_UNINITIALIZED_AUTOS = YES_AGGRESSIVE;
				GCC_WARN_UNUSED_FUNCTION = YES;
				GCC_WARN_UNUSED_VARIABLE = YES;
				IPHONEOS_DEPLOYMENT_TARGET = 8.0;
				MTL_ENABLE_DEBUG_INFO = YES;
				ONLY_ACTIVE_ARCH = YES;
				SDKROOT = iphoneos;
				TARGETED_DEVICE_FAMILY = "1,2";
			};
			name = Debug;
		};
		5797A8CC1E20F27600F0BE38 /* Release */ = {
			isa = XCBuildConfiguration;
			buildSettings = {
				ALWAYS_SEARCH_USER_PATHS = NO;
				CLANG_ANALYZER_NONNULL = YES;
				CLANG_CXX_LANGUAGE_STANDARD = "gnu++0x";
				CLANG_CXX_LIBRARY = "libc++";
				CLANG_ENABLE_MODULES = YES;
				CLANG_ENABLE_OBJC_ARC = YES;
				CLANG_WARN_BOOL_CONVERSION = YES;
				CLANG_WARN_CONSTANT_CONVERSION = YES;
				CLANG_WARN_DIRECT_OBJC_ISA_USAGE = YES_ERROR;
				CLANG_WARN_DOCUMENTATION_COMMENTS = YES;
				CLANG_WARN_EMPTY_BODY = YES;
				CLANG_WARN_ENUM_CONVERSION = YES;
				CLANG_WARN_INFINITE_RECURSION = YES;
				CLANG_WARN_INT_CONVERSION = YES;
				CLANG_WARN_OBJC_ROOT_CLASS = YES_ERROR;
				CLANG_WARN_SUSPICIOUS_MOVE = YES;
				CLANG_WARN_UNREACHABLE_CODE = YES;
				CLANG_WARN__DUPLICATE_METHOD_MATCH = YES;
				"CODE_SIGN_IDENTITY[sdk=iphoneos*]" = "iPhone Developer";
				COPY_PHASE_STRIP = NO;
				DEBUG_INFORMATION_FORMAT = "dwarf-with-dsym";
				ENABLE_NS_ASSERTIONS = NO;
				ENABLE_STRICT_OBJC_MSGSEND = YES;
				GCC_C_LANGUAGE_STANDARD = gnu99;
				GCC_NO_COMMON_BLOCKS = YES;
				GCC_WARN_64_TO_32_BIT_CONVERSION = YES;
				GCC_WARN_ABOUT_RETURN_TYPE = YES_ERROR;
				GCC_WARN_UNDECLARED_SELECTOR = YES;
				GCC_WARN_UNINITIALIZED_AUTOS = YES_AGGRESSIVE;
				GCC_WARN_UNUSED_FUNCTION = YES;
				GCC_WARN_UNUSED_VARIABLE = YES;
				IPHONEOS_DEPLOYMENT_TARGET = 8.0;
				MTL_ENABLE_DEBUG_INFO = NO;
				SDKROOT = iphoneos;
				TARGETED_DEVICE_FAMILY = "1,2";
				VALIDATE_PRODUCT = YES;
			};
			name = Release;
		};
		5797A8CE1E20F27600F0BE38 /* Debug */ = {
			isa = XCBuildConfiguration;
			baseConfigurationReference = BD374FCE2CF2E483B21E9921 /* Pods-EnglishReader.debug.xcconfig */;
			buildSettings = {
				ASSETCATALOG_COMPILER_APPICON_NAME = AppIcon;
				DEVELOPMENT_TEAM = L68238BU67;
				ENABLE_BITCODE = NO;
				FRAMEWORK_SEARCH_PATHS = (
					"$(inherited)",
					"$(PROJECT_DIR)/EnglishReader/Extention",
					"$(PROJECT_DIR)/EnglishReader/ThirdLibs",
				);
				INFOPLIST_FILE = EnglishReader/Info.plist;
				IPHONEOS_DEPLOYMENT_TARGET = 8.0;
				LD_RUNPATH_SEARCH_PATHS = "$(inherited) @executable_path/Frameworks";
				PRODUCT_BUNDLE_IDENTIFIER = QuanMinTV;
				PRODUCT_NAME = "$(TARGET_NAME)";
			};
			name = Debug;
		};
		5797A8CF1E20F27600F0BE38 /* Release */ = {
			isa = XCBuildConfiguration;
			baseConfigurationReference = 0C00EBF68E03656A2F86647F /* Pods-EnglishReader.release.xcconfig */;
			buildSettings = {
				ASSETCATALOG_COMPILER_APPICON_NAME = AppIcon;
				DEVELOPMENT_TEAM = L68238BU67;
				ENABLE_BITCODE = NO;
				FRAMEWORK_SEARCH_PATHS = (
					"$(inherited)",
					"$(PROJECT_DIR)/EnglishReader/Extention",
					"$(PROJECT_DIR)/EnglishReader/ThirdLibs",
				);
				INFOPLIST_FILE = EnglishReader/Info.plist;
				IPHONEOS_DEPLOYMENT_TARGET = 8.0;
				LD_RUNPATH_SEARCH_PATHS = "$(inherited) @executable_path/Frameworks";
				PRODUCT_BUNDLE_IDENTIFIER = QuanMinTV;
				PRODUCT_NAME = "$(TARGET_NAME)";
			};
			name = Release;
		};
		5797A8D11E20F27600F0BE38 /* Debug */ = {
			isa = XCBuildConfiguration;
			buildSettings = {
				BUNDLE_LOADER = "$(TEST_HOST)";
				INFOPLIST_FILE = EnglishReaderTests/Info.plist;
				LD_RUNPATH_SEARCH_PATHS = "$(inherited) @executable_path/Frameworks @loader_path/Frameworks";
				PRODUCT_BUNDLE_IDENTIFIER = com.lfc.EnglishReaderTests;
				PRODUCT_NAME = "$(TARGET_NAME)";
				TEST_HOST = "$(BUILT_PRODUCTS_DIR)/EnglishReader.app/EnglishReader";
			};
			name = Debug;
		};
		5797A8D21E20F27600F0BE38 /* Release */ = {
			isa = XCBuildConfiguration;
			buildSettings = {
				BUNDLE_LOADER = "$(TEST_HOST)";
				INFOPLIST_FILE = EnglishReaderTests/Info.plist;
				LD_RUNPATH_SEARCH_PATHS = "$(inherited) @executable_path/Frameworks @loader_path/Frameworks";
				PRODUCT_BUNDLE_IDENTIFIER = com.lfc.EnglishReaderTests;
				PRODUCT_NAME = "$(TARGET_NAME)";
				TEST_HOST = "$(BUILT_PRODUCTS_DIR)/EnglishReader.app/EnglishReader";
			};
			name = Release;
		};
		5797A8D41E20F27600F0BE38 /* Debug */ = {
			isa = XCBuildConfiguration;
			buildSettings = {
				INFOPLIST_FILE = EnglishReaderUITests/Info.plist;
				LD_RUNPATH_SEARCH_PATHS = "$(inherited) @executable_path/Frameworks @loader_path/Frameworks";
				PRODUCT_BUNDLE_IDENTIFIER = com.lfc.EnglishReaderUITests;
				PRODUCT_NAME = "$(TARGET_NAME)";
				TEST_TARGET_NAME = EnglishReader;
			};
			name = Debug;
		};
		5797A8D51E20F27600F0BE38 /* Release */ = {
			isa = XCBuildConfiguration;
			buildSettings = {
				INFOPLIST_FILE = EnglishReaderUITests/Info.plist;
				LD_RUNPATH_SEARCH_PATHS = "$(inherited) @executable_path/Frameworks @loader_path/Frameworks";
				PRODUCT_BUNDLE_IDENTIFIER = com.lfc.EnglishReaderUITests;
				PRODUCT_NAME = "$(TARGET_NAME)";
				TEST_TARGET_NAME = EnglishReader;
			};
			name = Release;
		};
/* End XCBuildConfiguration section */

/* Begin XCConfigurationList section */
		5797A89B1E20F27600F0BE38 /* Build configuration list for PBXProject "EnglishReader" */ = {
			isa = XCConfigurationList;
			buildConfigurations = (
				5797A8CB1E20F27600F0BE38 /* Debug */,
				5797A8CC1E20F27600F0BE38 /* Release */,
			);
			defaultConfigurationIsVisible = 0;
			defaultConfigurationName = Release;
		};
		5797A8CD1E20F27600F0BE38 /* Build configuration list for PBXNativeTarget "EnglishReader" */ = {
			isa = XCConfigurationList;
			buildConfigurations = (
				5797A8CE1E20F27600F0BE38 /* Debug */,
				5797A8CF1E20F27600F0BE38 /* Release */,
			);
			defaultConfigurationIsVisible = 0;
			defaultConfigurationName = Release;
		};
		5797A8D01E20F27600F0BE38 /* Build configuration list for PBXNativeTarget "EnglishReaderTests" */ = {
			isa = XCConfigurationList;
			buildConfigurations = (
				5797A8D11E20F27600F0BE38 /* Debug */,
				5797A8D21E20F27600F0BE38 /* Release */,
			);
			defaultConfigurationIsVisible = 0;
			defaultConfigurationName = Release;
		};
		5797A8D31E20F27600F0BE38 /* Build configuration list for PBXNativeTarget "EnglishReaderUITests" */ = {
			isa = XCConfigurationList;
			buildConfigurations = (
				5797A8D41E20F27600F0BE38 /* Debug */,
				5797A8D51E20F27600F0BE38 /* Release */,
			);
			defaultConfigurationIsVisible = 0;
			defaultConfigurationName = Release;
		};
/* End XCConfigurationList section */
	};
	rootObject = 5797A8981E20F27600F0BE38 /* Project object */;
}
